// !$*UTF8*$!
{
	archiveVersion = 1;
	classes = {
	};
	objectVersion = 50;
	objects = {

/* Begin PBXBuildFile section */
		2B2AE5D2214C90CE00AF4A0D /* Flappy.png in Resources */ = {isa = PBXBuildFile; fileRef = 2B2AE5CD214C90CE00AF4A0D /* Flappy.png */; };
		2B2AE5D3214C90CE00AF4A0D /* particles.png in Resources */ = {isa = PBXBuildFile; fileRef = 2B2AE5CE214C90CE00AF4A0D /* particles.png */; };
		2B2AE5D4214C90CE00AF4A0D /* bg.png in Resources */ = {isa = PBXBuildFile; fileRef = 2B2AE5CF214C90CE00AF4A0D /* bg.png */; };
		2B2AE5D5214C90CE00AF4A0D /* player.png in Resources */ = {isa = PBXBuildFile; fileRef = 2B2AE5D0214C90CE00AF4A0D /* player.png */; };
		2B2AE5D6214C90CE00AF4A0D /* tileset.png in Resources */ = {isa = PBXBuildFile; fileRef = 2B2AE5D1214C90CE00AF4A0D /* tileset.png */; };
		2B2AE5DA214C90FD00AF4A0D /* GameBoard.cpp in Sources */ = {isa = PBXBuildFile; fileRef = 2B2AE5D8214C90FD00AF4A0D /* GameBoard.cpp */; };
		2B2AE5E1214C918A00AF4A0D /* PlayerMovementComponent.cpp in Sources */ = {isa = PBXBuildFile; fileRef = 2B2AE5DF214C918A00AF4A0D /* PlayerMovementComponent.cpp */; };
		2B2AE5E4214C919F00AF4A0D /* ObstacleEntity.cpp in Sources */ = {isa = PBXBuildFile; fileRef = 2B2AE5E2214C919F00AF4A0D /* ObstacleEntity.cpp */; };
		2B2AE5E7214C91AA00AF4A0D /* PlayerEntity.cpp in Sources */ = {isa = PBXBuildFile; fileRef = 2B2AE5E5214C91AA00AF4A0D /* PlayerEntity.cpp */; };
		2B2AE5EB214C921900AF4A0D /* GameEngineMain.cpp in Sources */ = {isa = PBXBuildFile; fileRef = 2B2AE5E9214C921900AF4A0D /* GameEngineMain.cpp */; };
		2B2AE5F0214C929100AF4A0D /* AnimationManager.cpp in Sources */ = {isa = PBXBuildFile; fileRef = 2B2AE5EE214C929100AF4A0D /* AnimationManager.cpp */; };
		2B2AE5F3214C929E00AF4A0D /* CollisionManager.cpp in Sources */ = {isa = PBXBuildFile; fileRef = 2B2AE5F1214C929E00AF4A0D /* CollisionManager.cpp */; };
		2B2AE5F6214C92A900AF4A0D /* TextureManager.cpp in Sources */ = {isa = PBXBuildFile; fileRef = 2B2AE5F4214C92A900AF4A0D /* TextureManager.cpp */; };
		2B2AE5FA214C930400AF4A0D /* Entity.cpp in Sources */ = {isa = PBXBuildFile; fileRef = 2B2AE5F8214C930400AF4A0D /* Entity.cpp */; };
		2B2AE5FD214C930F00AF4A0D /* Component.cpp in Sources */ = {isa = PBXBuildFile; fileRef = 2B2AE5FB214C930F00AF4A0D /* Component.cpp */; };
		2B2AE600214C932700AF4A0D /* AnimationComponent.cpp in Sources */ = {isa = PBXBuildFile; fileRef = 2B2AE5FE214C932700AF4A0D /* AnimationComponent.cpp */; };
		2B2AE603214C937900AF4A0D /* CollidableComponent.cpp in Sources */ = {isa = PBXBuildFile; fileRef = 2B2AE601214C937900AF4A0D /* CollidableComponent.cpp */; };
		2B2AE606214C938D00AF4A0D /* CollidablePhysicsComponent.cpp in Sources */ = {isa = PBXBuildFile; fileRef = 2B2AE604214C938D00AF4A0D /* CollidablePhysicsComponent.cpp */; };
		2B2AE609214C93A700AF4A0D /* ParticleComponent.cpp in Sources */ = {isa = PBXBuildFile; fileRef = 2B2AE607214C93A700AF4A0D /* ParticleComponent.cpp */; };
		2B2AE60C214C93BC00AF4A0D /* ParticleEmitterComponent.cpp in Sources */ = {isa = PBXBuildFile; fileRef = 2B2AE60A214C93BC00AF4A0D /* ParticleEmitterComponent.cpp */; };
		2B2AE60F214C93C800AF4A0D /* RenderComponent.cpp in Sources */ = {isa = PBXBuildFile; fileRef = 2B2AE60D214C93C800AF4A0D /* RenderComponent.cpp */; };
		2B2AE612214C93D600AF4A0D /* SpriteRenderComponent.cpp in Sources */ = {isa = PBXBuildFile; fileRef = 2B2AE610214C93D600AF4A0D /* SpriteRenderComponent.cpp */; };
		2B2AE619214CD14B00AF4A0D /* NetworkManager.cpp in Sources */ = {isa = PBXBuildFile; fileRef = 2B2AE617214CD14B00AF4A0D /* NetworkManager.cpp */; };
		2B2AE61C214CD31D00AF4A0D /* NetworkedComponent.cpp in Sources */ = {isa = PBXBuildFile; fileRef = 2B2AE61A214CD31D00AF4A0D /* NetworkedComponent.cpp */; };
		2B33FC57214C8CF800CFF6A2 /* ResourcePath.mm in Sources */ = {isa = PBXBuildFile; fileRef = 2B33FC56214C8CF800CFF6A2 /* ResourcePath.mm */; };
		2B33FC5A214C8CF800CFF6A2 /* main.cpp in Sources */ = {isa = PBXBuildFile; fileRef = 2B33FC59214C8CF800CFF6A2 /* main.cpp */; };
		2B33FC5D214C8CF800CFF6A2 /* cute_image.jpg in Resources */ = {isa = PBXBuildFile; fileRef = 2B33FC5C214C8CF800CFF6A2 /* cute_image.jpg */; };
		2B33FC5F214C8CF800CFF6A2 /* nice_music.ogg in Resources */ = {isa = PBXBuildFile; fileRef = 2B33FC5E214C8CF800CFF6A2 /* nice_music.ogg */; };
		2B33FC61214C8CF800CFF6A2 /* sansation.ttf in Resources */ = {isa = PBXBuildFile; fileRef = 2B33FC60214C8CF800CFF6A2 /* sansation.ttf */; };
		2B33FC63214C8CF800CFF6A2 /* icon.png in Resources */ = {isa = PBXBuildFile; fileRef = 2B33FC62214C8CF800CFF6A2 /* icon.png */; };
		2B7C8586214D069100DF0C0D /* ProjectileMovementComponent.cpp in Sources */ = {isa = PBXBuildFile; fileRef = 2B7C8582214D069000DF0C0D /* ProjectileMovementComponent.cpp */; };
		2B7C8587214D069100DF0C0D /* ProjectileEmitterComponent.cpp in Sources */ = {isa = PBXBuildFile; fileRef = 2B7C8584214D069100DF0C0D /* ProjectileEmitterComponent.cpp */; };
		2B7C858A214D069900DF0C0D /* ProjectileEntity.cpp in Sources */ = {isa = PBXBuildFile; fileRef = 2B7C8588214D069900DF0C0D /* ProjectileEntity.cpp */; };
		2B7C858D214D142800DF0C0D /* Camera.cpp in Sources */ = {isa = PBXBuildFile; fileRef = 2B7C858B214D142800DF0C0D /* Camera.cpp */; };
		E1B787A5214CB7CE0085DF57 /* Menu.cpp in Sources */ = {isa = PBXBuildFile; fileRef = E1B787A3214CB7CE0085DF57 /* Menu.cpp */; };
		E1B787A8214CCCB70085DF57 /* SplashScreen.cpp in Sources */ = {isa = PBXBuildFile; fileRef = E1B787A6214CCCB70085DF57 /* SplashScreen.cpp */; };
		E1B787AA214CD0270085DF57 /* SplashScreen.png in Resources */ = {isa = PBXBuildFile; fileRef = E1B787A9214CD0270085DF57 /* SplashScreen.png */; };
/* End PBXBuildFile section */

/* Begin PBXFileReference section */
		2B2AE5CD214C90CE00AF4A0D /* Flappy.png */ = {isa = PBXFileReference; lastKnownFileType = image.png; path = Flappy.png; sourceTree = "<group>"; };
		2B2AE5CE214C90CE00AF4A0D /* particles.png */ = {isa = PBXFileReference; lastKnownFileType = image.png; path = particles.png; sourceTree = "<group>"; };
		2B2AE5CF214C90CE00AF4A0D /* bg.png */ = {isa = PBXFileReference; lastKnownFileType = image.png; path = bg.png; sourceTree = "<group>"; };
		2B2AE5D0214C90CE00AF4A0D /* player.png */ = {isa = PBXFileReference; lastKnownFileType = image.png; path = player.png; sourceTree = "<group>"; };
		2B2AE5D1214C90CE00AF4A0D /* tileset.png */ = {isa = PBXFileReference; lastKnownFileType = image.png; path = tileset.png; sourceTree = "<group>"; };
		2B2AE5D8214C90FD00AF4A0D /* GameBoard.cpp */ = {isa = PBXFileReference; lastKnownFileType = sourcecode.cpp.cpp; path = GameBoard.cpp; sourceTree = "<group>"; };
		2B2AE5D9214C90FD00AF4A0D /* GameBoard.hpp */ = {isa = PBXFileReference; lastKnownFileType = sourcecode.cpp.h; path = GameBoard.hpp; sourceTree = "<group>"; };
		2B2AE5DF214C918A00AF4A0D /* PlayerMovementComponent.cpp */ = {isa = PBXFileReference; lastKnownFileType = sourcecode.cpp.cpp; path = PlayerMovementComponent.cpp; sourceTree = "<group>"; };
		2B2AE5E0214C918A00AF4A0D /* PlayerMovementComponent.hpp */ = {isa = PBXFileReference; lastKnownFileType = sourcecode.cpp.h; path = PlayerMovementComponent.hpp; sourceTree = "<group>"; };
		2B2AE5E2214C919F00AF4A0D /* ObstacleEntity.cpp */ = {isa = PBXFileReference; lastKnownFileType = sourcecode.cpp.cpp; path = ObstacleEntity.cpp; sourceTree = "<group>"; };
		2B2AE5E3214C919F00AF4A0D /* ObstacleEntity.hpp */ = {isa = PBXFileReference; lastKnownFileType = sourcecode.cpp.h; path = ObstacleEntity.hpp; sourceTree = "<group>"; };
		2B2AE5E5214C91AA00AF4A0D /* PlayerEntity.cpp */ = {isa = PBXFileReference; lastKnownFileType = sourcecode.cpp.cpp; path = PlayerEntity.cpp; sourceTree = "<group>"; };
		2B2AE5E6214C91AA00AF4A0D /* PlayerEntity.hpp */ = {isa = PBXFileReference; lastKnownFileType = sourcecode.cpp.h; path = PlayerEntity.hpp; sourceTree = "<group>"; };
		2B2AE5E9214C921900AF4A0D /* GameEngineMain.cpp */ = {isa = PBXFileReference; lastKnownFileType = sourcecode.cpp.cpp; path = GameEngineMain.cpp; sourceTree = "<group>"; };
		2B2AE5EA214C921900AF4A0D /* GameEngineMain.hpp */ = {isa = PBXFileReference; lastKnownFileType = sourcecode.cpp.h; path = GameEngineMain.hpp; sourceTree = "<group>"; };
		2B2AE5EE214C929100AF4A0D /* AnimationManager.cpp */ = {isa = PBXFileReference; lastKnownFileType = sourcecode.cpp.cpp; path = AnimationManager.cpp; sourceTree = "<group>"; };
		2B2AE5EF214C929100AF4A0D /* AnimationManager.hpp */ = {isa = PBXFileReference; lastKnownFileType = sourcecode.cpp.h; path = AnimationManager.hpp; sourceTree = "<group>"; };
		2B2AE5F1214C929E00AF4A0D /* CollisionManager.cpp */ = {isa = PBXFileReference; lastKnownFileType = sourcecode.cpp.cpp; path = CollisionManager.cpp; sourceTree = "<group>"; };
		2B2AE5F2214C929E00AF4A0D /* CollisionManager.hpp */ = {isa = PBXFileReference; lastKnownFileType = sourcecode.cpp.h; path = CollisionManager.hpp; sourceTree = "<group>"; };
		2B2AE5F4214C92A900AF4A0D /* TextureManager.cpp */ = {isa = PBXFileReference; lastKnownFileType = sourcecode.cpp.cpp; path = TextureManager.cpp; sourceTree = "<group>"; };
		2B2AE5F5214C92A900AF4A0D /* TextureManager.hpp */ = {isa = PBXFileReference; lastKnownFileType = sourcecode.cpp.h; path = TextureManager.hpp; sourceTree = "<group>"; };
		2B2AE5F8214C930400AF4A0D /* Entity.cpp */ = {isa = PBXFileReference; lastKnownFileType = sourcecode.cpp.cpp; path = Entity.cpp; sourceTree = "<group>"; };
		2B2AE5F9214C930400AF4A0D /* Entity.hpp */ = {isa = PBXFileReference; lastKnownFileType = sourcecode.cpp.h; path = Entity.hpp; sourceTree = "<group>"; };
		2B2AE5FB214C930F00AF4A0D /* Component.cpp */ = {isa = PBXFileReference; lastKnownFileType = sourcecode.cpp.cpp; path = Component.cpp; sourceTree = "<group>"; };
		2B2AE5FC214C930F00AF4A0D /* Component.hpp */ = {isa = PBXFileReference; lastKnownFileType = sourcecode.cpp.h; path = Component.hpp; sourceTree = "<group>"; };
		2B2AE5FE214C932700AF4A0D /* AnimationComponent.cpp */ = {isa = PBXFileReference; lastKnownFileType = sourcecode.cpp.cpp; path = AnimationComponent.cpp; sourceTree = "<group>"; };
		2B2AE5FF214C932700AF4A0D /* AnimationComponent.hpp */ = {isa = PBXFileReference; lastKnownFileType = sourcecode.cpp.h; path = AnimationComponent.hpp; sourceTree = "<group>"; };
		2B2AE601214C937900AF4A0D /* CollidableComponent.cpp */ = {isa = PBXFileReference; lastKnownFileType = sourcecode.cpp.cpp; path = CollidableComponent.cpp; sourceTree = "<group>"; };
		2B2AE602214C937900AF4A0D /* CollidableComponent.hpp */ = {isa = PBXFileReference; lastKnownFileType = sourcecode.cpp.h; path = CollidableComponent.hpp; sourceTree = "<group>"; };
		2B2AE604214C938D00AF4A0D /* CollidablePhysicsComponent.cpp */ = {isa = PBXFileReference; lastKnownFileType = sourcecode.cpp.cpp; path = CollidablePhysicsComponent.cpp; sourceTree = "<group>"; };
		2B2AE605214C938D00AF4A0D /* CollidablePhysicsComponent.hpp */ = {isa = PBXFileReference; lastKnownFileType = sourcecode.cpp.h; path = CollidablePhysicsComponent.hpp; sourceTree = "<group>"; };
		2B2AE607214C93A700AF4A0D /* ParticleComponent.cpp */ = {isa = PBXFileReference; lastKnownFileType = sourcecode.cpp.cpp; path = ParticleComponent.cpp; sourceTree = "<group>"; };
		2B2AE608214C93A700AF4A0D /* ParticleComponent.hpp */ = {isa = PBXFileReference; lastKnownFileType = sourcecode.cpp.h; path = ParticleComponent.hpp; sourceTree = "<group>"; };
		2B2AE60A214C93BC00AF4A0D /* ParticleEmitterComponent.cpp */ = {isa = PBXFileReference; lastKnownFileType = sourcecode.cpp.cpp; path = ParticleEmitterComponent.cpp; sourceTree = "<group>"; };
		2B2AE60B214C93BC00AF4A0D /* ParticleEmitterComponent.hpp */ = {isa = PBXFileReference; lastKnownFileType = sourcecode.cpp.h; path = ParticleEmitterComponent.hpp; sourceTree = "<group>"; };
		2B2AE60D214C93C800AF4A0D /* RenderComponent.cpp */ = {isa = PBXFileReference; lastKnownFileType = sourcecode.cpp.cpp; path = RenderComponent.cpp; sourceTree = "<group>"; };
		2B2AE60E214C93C800AF4A0D /* RenderComponent.hpp */ = {isa = PBXFileReference; lastKnownFileType = sourcecode.cpp.h; path = RenderComponent.hpp; sourceTree = "<group>"; };
		2B2AE610214C93D600AF4A0D /* SpriteRenderComponent.cpp */ = {isa = PBXFileReference; lastKnownFileType = sourcecode.cpp.cpp; path = SpriteRenderComponent.cpp; sourceTree = "<group>"; };
		2B2AE611214C93D600AF4A0D /* SpriteRenderComponent.hpp */ = {isa = PBXFileReference; lastKnownFileType = sourcecode.cpp.h; path = SpriteRenderComponent.hpp; sourceTree = "<group>"; };
		2B2AE614214CC40E00AF4A0D /* HostMain.cpp */ = {isa = PBXFileReference; lastKnownFileType = sourcecode.cpp.cpp; path = HostMain.cpp; sourceTree = "<group>"; };
		2B2AE616214CC5EE00AF4A0D /* NetworkDefs.hpp */ = {isa = PBXFileReference; lastKnownFileType = sourcecode.cpp.h; path = NetworkDefs.hpp; sourceTree = "<group>"; };
		2B2AE617214CD14B00AF4A0D /* NetworkManager.cpp */ = {isa = PBXFileReference; lastKnownFileType = sourcecode.cpp.cpp; path = NetworkManager.cpp; sourceTree = "<group>"; };
		2B2AE618214CD14B00AF4A0D /* NetworkManager.hpp */ = {isa = PBXFileReference; lastKnownFileType = sourcecode.cpp.h; path = NetworkManager.hpp; sourceTree = "<group>"; };
		2B2AE61A214CD31D00AF4A0D /* NetworkedComponent.cpp */ = {isa = PBXFileReference; lastKnownFileType = sourcecode.cpp.cpp; path = NetworkedComponent.cpp; sourceTree = "<group>"; };
		2B2AE61B214CD31D00AF4A0D /* NetworkedComponent.hpp */ = {isa = PBXFileReference; lastKnownFileType = sourcecode.cpp.h; path = NetworkedComponent.hpp; sourceTree = "<group>"; };
		2B33FC51214C8CF800CFF6A2 /* Game Box Online.app */ = {isa = PBXFileReference; explicitFileType = wrapper.application; includeInIndex = 0; path = "Game Box Online.app"; sourceTree = BUILT_PRODUCTS_DIR; };
		2B33FC55214C8CF800CFF6A2 /* Game Box Online-Info.plist */ = {isa = PBXFileReference; lastKnownFileType = text.plist.xml; path = "Game Box Online-Info.plist"; sourceTree = "<group>"; };
		2B33FC56214C8CF800CFF6A2 /* ResourcePath.mm */ = {isa = PBXFileReference; lastKnownFileType = sourcecode.cpp.objcpp; path = ResourcePath.mm; sourceTree = "<group>"; };
		2B33FC58214C8CF800CFF6A2 /* ResourcePath.hpp */ = {isa = PBXFileReference; lastKnownFileType = sourcecode.cpp.h; path = ResourcePath.hpp; sourceTree = "<group>"; };
		2B33FC59214C8CF800CFF6A2 /* main.cpp */ = {isa = PBXFileReference; lastKnownFileType = sourcecode.cpp.cpp; path = main.cpp; sourceTree = "<group>"; };
		2B33FC5C214C8CF800CFF6A2 /* cute_image.jpg */ = {isa = PBXFileReference; lastKnownFileType = image.jpeg; path = cute_image.jpg; sourceTree = "<group>"; };
		2B33FC5E214C8CF800CFF6A2 /* nice_music.ogg */ = {isa = PBXFileReference; lastKnownFileType = file; path = nice_music.ogg; sourceTree = "<group>"; };
		2B33FC60214C8CF800CFF6A2 /* sansation.ttf */ = {isa = PBXFileReference; lastKnownFileType = file; path = sansation.ttf; sourceTree = "<group>"; };
		2B33FC62214C8CF800CFF6A2 /* icon.png */ = {isa = PBXFileReference; lastKnownFileType = image.png; path = icon.png; sourceTree = "<group>"; };
		2B7C8582214D069000DF0C0D /* ProjectileMovementComponent.cpp */ = {isa = PBXFileReference; fileEncoding = 4; lastKnownFileType = sourcecode.cpp.cpp; path = ProjectileMovementComponent.cpp; sourceTree = "<group>"; };
		2B7C8583214D069100DF0C0D /* ProjectileMovementComponent.hpp */ = {isa = PBXFileReference; fileEncoding = 4; lastKnownFileType = sourcecode.cpp.h; path = ProjectileMovementComponent.hpp; sourceTree = "<group>"; };
		2B7C8584214D069100DF0C0D /* ProjectileEmitterComponent.cpp */ = {isa = PBXFileReference; fileEncoding = 4; lastKnownFileType = sourcecode.cpp.cpp; path = ProjectileEmitterComponent.cpp; sourceTree = "<group>"; };
		2B7C8585214D069100DF0C0D /* ProjectileEmitterComponent.hpp */ = {isa = PBXFileReference; fileEncoding = 4; lastKnownFileType = sourcecode.cpp.h; path = ProjectileEmitterComponent.hpp; sourceTree = "<group>"; };
		2B7C8588214D069900DF0C0D /* ProjectileEntity.cpp */ = {isa = PBXFileReference; fileEncoding = 4; lastKnownFileType = sourcecode.cpp.cpp; path = ProjectileEntity.cpp; sourceTree = "<group>"; };
		2B7C8589214D069900DF0C0D /* ProjectileEntity.hpp */ = {isa = PBXFileReference; fileEncoding = 4; lastKnownFileType = sourcecode.cpp.h; path = ProjectileEntity.hpp; sourceTree = "<group>"; };
		2B7C858B214D142800DF0C0D /* Camera.cpp */ = {isa = PBXFileReference; lastKnownFileType = sourcecode.cpp.cpp; path = Camera.cpp; sourceTree = "<group>"; };
		2B7C858C214D142800DF0C0D /* Camera.hpp */ = {isa = PBXFileReference; lastKnownFileType = sourcecode.cpp.h; path = Camera.hpp; sourceTree = "<group>"; };
		2BA3C2EE214D056200D9441F /* Defs.h */ = {isa = PBXFileReference; lastKnownFileType = sourcecode.c.h; path = Defs.h; sourceTree = "<group>"; };
		E1B787A3214CB7CE0085DF57 /* Menu.cpp */ = {isa = PBXFileReference; lastKnownFileType = sourcecode.cpp.cpp; path = Menu.cpp; sourceTree = "<group>"; };
		E1B787A4214CB7CE0085DF57 /* Menu.hpp */ = {isa = PBXFileReference; lastKnownFileType = sourcecode.cpp.h; path = Menu.hpp; sourceTree = "<group>"; };
		E1B787A6214CCCB70085DF57 /* SplashScreen.cpp */ = {isa = PBXFileReference; lastKnownFileType = sourcecode.cpp.cpp; path = SplashScreen.cpp; sourceTree = "<group>"; };
		E1B787A7214CCCB70085DF57 /* SplashScreen.hpp */ = {isa = PBXFileReference; lastKnownFileType = sourcecode.cpp.h; path = SplashScreen.hpp; sourceTree = "<group>"; };
		E1B787A9214CD0270085DF57 /* SplashScreen.png */ = {isa = PBXFileReference; lastKnownFileType = image.png; path = SplashScreen.png; sourceTree = "<group>"; };
/* End PBXFileReference section */

/* Begin PBXFrameworksBuildPhase section */
		2B33FC4D214C8CF800CFF6A2 /* Frameworks */ = {
			isa = PBXFrameworksBuildPhase;
			buildActionMask = 2147483647;
			files = (
			);
			runOnlyForDeploymentPostprocessing = 0;
		};
/* End PBXFrameworksBuildPhase section */

/* Begin PBXGroup section */
		2B2AE5CC214C90C000AF4A0D /* img */ = {
			isa = PBXGroup;
			children = (
				E1B787A9214CD0270085DF57 /* SplashScreen.png */,
				2B2AE5CF214C90CE00AF4A0D /* bg.png */,
				2B2AE5CD214C90CE00AF4A0D /* Flappy.png */,
				2B2AE5CE214C90CE00AF4A0D /* particles.png */,
				2B2AE5D0214C90CE00AF4A0D /* player.png */,
				2B2AE5D1214C90CE00AF4A0D /* tileset.png */,
			);
			path = img;
			sourceTree = "<group>";
		};
		2B2AE5D7214C90E200AF4A0D /* Game */ = {
			isa = PBXGroup;
			children = (
				2B2AE5DE214C916200AF4A0D /* GameComponents */,
				2B2AE5DC214C912100AF4A0D /* GameEntities */,
				2B2AE5D8214C90FD00AF4A0D /* GameBoard.cpp */,
				2B2AE5D9214C90FD00AF4A0D /* GameBoard.hpp */,
			);
			path = Game;
			sourceTree = "<group>";
		};
		2B2AE5DC214C912100AF4A0D /* GameEntities */ = {
			isa = PBXGroup;
			children = (
				2B7C8588214D069900DF0C0D /* ProjectileEntity.cpp */,
				2B7C8589214D069900DF0C0D /* ProjectileEntity.hpp */,
				2B2AE5E2214C919F00AF4A0D /* ObstacleEntity.cpp */,
				2B2AE5E3214C919F00AF4A0D /* ObstacleEntity.hpp */,
				2B2AE5E5214C91AA00AF4A0D /* PlayerEntity.cpp */,
				2B2AE5E6214C91AA00AF4A0D /* PlayerEntity.hpp */,
			);
			path = GameEntities;
			sourceTree = "<group>";
		};
		2B2AE5DE214C916200AF4A0D /* GameComponents */ = {
			isa = PBXGroup;
			children = (
				2B7C8584214D069100DF0C0D /* ProjectileEmitterComponent.cpp */,
				2B7C8585214D069100DF0C0D /* ProjectileEmitterComponent.hpp */,
				2B7C8582214D069000DF0C0D /* ProjectileMovementComponent.cpp */,
				2B7C8583214D069100DF0C0D /* ProjectileMovementComponent.hpp */,
				2B2AE5DF214C918A00AF4A0D /* PlayerMovementComponent.cpp */,
				2B2AE5E0214C918A00AF4A0D /* PlayerMovementComponent.hpp */,
			);
			path = GameComponents;
			sourceTree = "<group>";
		};
		2B2AE5E8214C920000AF4A0D /* GameEngine */ = {
			isa = PBXGroup;
			children = (
				2B2AE5ED214C925600AF4A0D /* EntitySystem */,
				2B2AE5EC214C925100AF4A0D /* Util */,
				2B2AE5E9214C921900AF4A0D /* GameEngineMain.cpp */,
				2B2AE5EA214C921900AF4A0D /* GameEngineMain.hpp */,
				E1B787A3214CB7CE0085DF57 /* Menu.cpp */,
				E1B787A4214CB7CE0085DF57 /* Menu.hpp */,
				E1B787A6214CCCB70085DF57 /* SplashScreen.cpp */,
				E1B787A7214CCCB70085DF57 /* SplashScreen.hpp */,
				2BA3C2EE214D056200D9441F /* Defs.h */,
				2B7C858B214D142800DF0C0D /* Camera.cpp */,
				2B7C858C214D142800DF0C0D /* Camera.hpp */,
			);
			path = GameEngine;
			sourceTree = "<group>";
		};
		2B2AE5EC214C925100AF4A0D /* Util */ = {
			isa = PBXGroup;
			children = (
				2B2AE5EE214C929100AF4A0D /* AnimationManager.cpp */,
				2B2AE5EF214C929100AF4A0D /* AnimationManager.hpp */,
				2B2AE5F1214C929E00AF4A0D /* CollisionManager.cpp */,
				2B2AE5F2214C929E00AF4A0D /* CollisionManager.hpp */,
				2B2AE5F4214C92A900AF4A0D /* TextureManager.cpp */,
				2B2AE5F5214C92A900AF4A0D /* TextureManager.hpp */,
				2B2AE617214CD14B00AF4A0D /* NetworkManager.cpp */,
				2B2AE618214CD14B00AF4A0D /* NetworkManager.hpp */,
			);
			path = Util;
			sourceTree = "<group>";
		};
		2B2AE5ED214C925600AF4A0D /* EntitySystem */ = {
			isa = PBXGroup;
			children = (
				2B2AE5F7214C92F100AF4A0D /* Components */,
				2B2AE5F8214C930400AF4A0D /* Entity.cpp */,
				2B2AE5F9214C930400AF4A0D /* Entity.hpp */,
				2B2AE5FB214C930F00AF4A0D /* Component.cpp */,
				2B2AE5FC214C930F00AF4A0D /* Component.hpp */,
			);
			path = EntitySystem;
			sourceTree = "<group>";
		};
		2B2AE5F7214C92F100AF4A0D /* Components */ = {
			isa = PBXGroup;
			children = (
				2B2AE5FE214C932700AF4A0D /* AnimationComponent.cpp */,
				2B2AE5FF214C932700AF4A0D /* AnimationComponent.hpp */,
				2B2AE601214C937900AF4A0D /* CollidableComponent.cpp */,
				2B2AE602214C937900AF4A0D /* CollidableComponent.hpp */,
				2B2AE604214C938D00AF4A0D /* CollidablePhysicsComponent.cpp */,
				2B2AE605214C938D00AF4A0D /* CollidablePhysicsComponent.hpp */,
				2B2AE607214C93A700AF4A0D /* ParticleComponent.cpp */,
				2B2AE608214C93A700AF4A0D /* ParticleComponent.hpp */,
				2B2AE60A214C93BC00AF4A0D /* ParticleEmitterComponent.cpp */,
				2B2AE60B214C93BC00AF4A0D /* ParticleEmitterComponent.hpp */,
				2B2AE60D214C93C800AF4A0D /* RenderComponent.cpp */,
				2B2AE60E214C93C800AF4A0D /* RenderComponent.hpp */,
				2B2AE610214C93D600AF4A0D /* SpriteRenderComponent.cpp */,
				2B2AE611214C93D600AF4A0D /* SpriteRenderComponent.hpp */,
				2B2AE61A214CD31D00AF4A0D /* NetworkedComponent.cpp */,
				2B2AE61B214CD31D00AF4A0D /* NetworkedComponent.hpp */,
			);
			path = Components;
			sourceTree = "<group>";
		};
		2B2AE613214CC3ED00AF4A0D /* Network */ = {
			isa = PBXGroup;
			children = (
				2B2AE614214CC40E00AF4A0D /* HostMain.cpp */,
				2B2AE616214CC5EE00AF4A0D /* NetworkDefs.hpp */,
			);
			path = Network;
			sourceTree = "<group>";
		};
		2B33FC47214C8CF800CFF6A2 = {
			isa = PBXGroup;
			children = (
				2B33FC53214C8CF800CFF6A2 /* Game Box Online */,
				2B33FC52214C8CF800CFF6A2 /* Products */,
			);
			sourceTree = "<group>";
		};
		2B33FC52214C8CF800CFF6A2 /* Products */ = {
			isa = PBXGroup;
			children = (
				2B33FC51214C8CF800CFF6A2 /* Game Box Online.app */,
			);
			name = Products;
			sourceTree = "<group>";
		};
		2B33FC53214C8CF800CFF6A2 /* Game Box Online */ = {
			isa = PBXGroup;
			children = (
				2B2AE613214CC3ED00AF4A0D /* Network */,
				2B2AE5E8214C920000AF4A0D /* GameEngine */,
				2B2AE5D7214C90E200AF4A0D /* Game */,
				2B33FC56214C8CF800CFF6A2 /* ResourcePath.mm */,
				2B33FC58214C8CF800CFF6A2 /* ResourcePath.hpp */,
				2B33FC59214C8CF800CFF6A2 /* main.cpp */,
				2B33FC5B214C8CF800CFF6A2 /* Resources */,
				2B33FC54214C8CF800CFF6A2 /* Supporting Files */,
			);
			path = "Game Box Online";
			sourceTree = "<group>";
		};
		2B33FC54214C8CF800CFF6A2 /* Supporting Files */ = {
			isa = PBXGroup;
			children = (
				2B33FC55214C8CF800CFF6A2 /* Game Box Online-Info.plist */,
			);
			name = "Supporting Files";
			sourceTree = "<group>";
		};
		2B33FC5B214C8CF800CFF6A2 /* Resources */ = {
			isa = PBXGroup;
			children = (
				2B2AE5CC214C90C000AF4A0D /* img */,
				2B33FC5C214C8CF800CFF6A2 /* cute_image.jpg */,
				2B33FC5E214C8CF800CFF6A2 /* nice_music.ogg */,
				2B33FC60214C8CF800CFF6A2 /* sansation.ttf */,
				2B33FC62214C8CF800CFF6A2 /* icon.png */,
			);
			name = Resources;
			sourceTree = "<group>";
		};
/* End PBXGroup section */

/* Begin PBXNativeTarget section */
		2B33FC50214C8CF800CFF6A2 /* Game Box Online */ = {
			isa = PBXNativeTarget;
			buildConfigurationList = 2B33FC66214C8CF800CFF6A2 /* Build configuration list for PBXNativeTarget "Game Box Online" */;
			buildPhases = (
				2B33FC4C214C8CF800CFF6A2 /* Sources */,
				2B33FC4D214C8CF800CFF6A2 /* Frameworks */,
				2B33FC4E214C8CF800CFF6A2 /* Resources */,
				2B33FC4F214C8CF800CFF6A2 /* ShellScript */,
			);
			buildRules = (
			);
			dependencies = (
			);
			name = "Game Box Online";
			productName = "Game Box Online";
			productReference = 2B33FC51214C8CF800CFF6A2 /* Game Box Online.app */;
			productType = "com.apple.product-type.application";
		};
/* End PBXNativeTarget section */

/* Begin PBXProject section */
		2B33FC48214C8CF800CFF6A2 /* Project object */ = {
			isa = PBXProject;
			attributes = {
				LastUpgradeCheck = 0940;
				ORGANIZATIONNAME = Gamebox;
				TargetAttributes = {
					2B33FC50214C8CF800CFF6A2 = {
						CreatedOnToolsVersion = 9.4.1;
					};
				};
			};
			buildConfigurationList = 2B33FC4B214C8CF800CFF6A2 /* Build configuration list for PBXProject "Game Box Online" */;
			compatibilityVersion = "Xcode 9.3";
			developmentRegion = en;
			hasScannedForEncodings = 0;
			knownRegions = (
				en,
			);
			mainGroup = 2B33FC47214C8CF800CFF6A2;
			productRefGroup = 2B33FC52214C8CF800CFF6A2 /* Products */;
			projectDirPath = "";
			projectRoot = "";
			targets = (
				2B33FC50214C8CF800CFF6A2 /* Game Box Online */,
			);
		};
/* End PBXProject section */

/* Begin PBXResourcesBuildPhase section */
		2B33FC4E214C8CF800CFF6A2 /* Resources */ = {
			isa = PBXResourcesBuildPhase;
			buildActionMask = 2147483647;
			files = (
				2B33FC63214C8CF800CFF6A2 /* icon.png in Resources */,
				2B2AE5D3214C90CE00AF4A0D /* particles.png in Resources */,
				E1B787AA214CD0270085DF57 /* SplashScreen.png in Resources */,
				2B2AE5D5214C90CE00AF4A0D /* player.png in Resources */,
				2B2AE5D6214C90CE00AF4A0D /* tileset.png in Resources */,
				2B33FC61214C8CF800CFF6A2 /* sansation.ttf in Resources */,
				2B2AE5D2214C90CE00AF4A0D /* Flappy.png in Resources */,
				2B2AE5D4214C90CE00AF4A0D /* bg.png in Resources */,
				2B33FC5F214C8CF800CFF6A2 /* nice_music.ogg in Resources */,
				2B33FC5D214C8CF800CFF6A2 /* cute_image.jpg in Resources */,
			);
			runOnlyForDeploymentPostprocessing = 0;
		};
/* End PBXResourcesBuildPhase section */

/* Begin PBXShellScriptBuildPhase section */
		2B33FC4F214C8CF800CFF6A2 /* ShellScript */ = {
			isa = PBXShellScriptBuildPhase;
			buildActionMask = 2147483647;
			files = (
			);
			inputPaths = (
			);
			outputPaths = (
			);
			runOnlyForDeploymentPostprocessing = 0;
			shellPath = /bin/sh;
			shellScript = "# This shell script simply copies required SFML dylibs/frameworks into the application bundle frameworks folder.\n# If you're using static libraries (which is not recommended) you should remove this script from your project.\n\n# SETTINGS\nSFML_DEPENDENCIES_INSTALL_PREFIX=\"/Library/Frameworks\"\nCMAKE_INSTALL_FRAMEWORK_PREFIX=\"/Library/Frameworks\"\nCMAKE_INSTALL_LIB_PREFIX=\"/usr/local/lib\"\nFRAMEWORKS_FULL_PATH=\"$BUILT_PRODUCTS_DIR/$FRAMEWORKS_FOLDER_PATH/\"\n\n# Are we building a project that uses frameworks or dylibs?\ncase \"$SFML_BINARY_TYPE\" in\n    DYLIBS)\n        frameworks=\"false\"\n        ;;\n    *)\n        frameworks=\"true\"\n        ;;\nesac\n\n# Echoes to stderr\nerror () # $* message to display\n{\n    echo $* 1>&2\n    exit 2\n}\n\nassert () # $1 is a boolean, $2...N is an error message\n{\n    if [ $# -lt 2 ]\n    then\n        error \"Internal error in assert: not enough args\"\n    fi\n\n    if [ $1 -ne 0 ]\n    then\n        shift\n        error \"$*\"\n    fi\n}\n\nforce_remove () # $@ is some paths\n{\n    test $# -ge 1\n    assert $? \"force_remove() requires at least one parameter\"\n    rm -fr $@\n    assert $? \"couldn't remove $@\"\n}\n\ncopy () # $1 is a source, $2 is a destination\n{\n    test $# -eq 2\n    assert $? \"copy() requires two parameters\"\n    ditto \"$1\" \"$2\"\n    assert $? \"couldn't copy $1 to $2\"\n}\n\nrequire () # $1 is a SFML module like 'system' or 'audio'\n{\n    dest=\"$BUILT_PRODUCTS_DIR/$FRAMEWORKS_FOLDER_PATH/\"\n\n    if [ -z \"$1\" ]\n    then\n        error \"require() requires one parameter!\"\n    else\n        # clean potentially old stuff\n        force_remove \"$dest/libsfml-$1\"*\n        force_remove \"$dest/sfml-$1.framework\"\n\n        # copy SFML libraries\n        if [ \"$frameworks\" = \"true\" ]\n        then\n            source=\"$CMAKE_INSTALL_FRAMEWORK_PREFIX/sfml-$1.framework\"\n            target=\"sfml-$1.framework\"\n        elif [ \"$SFML_LINK_DYLIBS_SUFFIX\" = \"-d\" ]\n        then\n            source=\"$CMAKE_INSTALL_LIB_PREFIX/libsfml-$1-d.dylib\"\n            target=\"`readlink $source`\"\n        else\n            source=\"$CMAKE_INSTALL_LIB_PREFIX/libsfml-$1.dylib\"\n            target=\"`readlink $source`\"\n        fi\n\n        copy \"$source\" \"$dest/$target\"\n\n        # copy extra dependencies\n        if [ \"$1\" = \"audio\" ]\n        then\n            # copy \"FLAC\" \"ogg\" \"vorbis\" \"vorbisenc\" \"vorbisfile\" \"OpenAL\" frameworks too\n            for f in \"FLAC\" \"ogg\" \"vorbis\" \"vorbisenc\" \"vorbisfile\" \"OpenAL\"\n            do\n                copy \"$SFML_DEPENDENCIES_INSTALL_PREFIX/$f.framework\" \"$dest/$f.framework\"\n            done\n        elif [ \"$1\" = \"graphics\" ]\n        then\n            copy \"$SFML_DEPENDENCIES_INSTALL_PREFIX/freetype.framework\" \"$dest/freetype.framework\"\n        fi\n    fi\n}\n\nif [ -n \"$SFML_SYSTEM\" ]\nthen\n    require \"system\"\nfi\n\nif [ -n \"$SFML_AUDIO\" ]\nthen\n    require \"audio\"\nfi\n\nif [ -n \"$SFML_NETWORK\" ]\nthen\n    require \"network\"\nfi\n\nif [ -n \"$SFML_WINDOW\" ]\nthen\n    require \"window\"\nfi\n\nif [ -n \"$SFML_GRAPHICS\" ]\nthen\n    require \"graphics\"\nfi\n\n                ";
		};
/* End PBXShellScriptBuildPhase section */

/* Begin PBXSourcesBuildPhase section */
		2B33FC4C214C8CF800CFF6A2 /* Sources */ = {
			isa = PBXSourcesBuildPhase;
			buildActionMask = 2147483647;
			files = (
				2B2AE606214C938D00AF4A0D /* CollidablePhysicsComponent.cpp in Sources */,
				2B2AE603214C937900AF4A0D /* CollidableComponent.cpp in Sources */,
				2B2AE5F0214C929100AF4A0D /* AnimationManager.cpp in Sources */,
				2B2AE5FD214C930F00AF4A0D /* Component.cpp in Sources */,
				2B2AE5F3214C929E00AF4A0D /* CollisionManager.cpp in Sources */,
				2B33FC5A214C8CF800CFF6A2 /* main.cpp in Sources */,
				2B2AE600214C932700AF4A0D /* AnimationComponent.cpp in Sources */,
				2B2AE5FA214C930400AF4A0D /* Entity.cpp in Sources */,
				2B2AE60C214C93BC00AF4A0D /* ParticleEmitterComponent.cpp in Sources */,
				2B2AE612214C93D600AF4A0D /* SpriteRenderComponent.cpp in Sources */,
				2B2AE5E7214C91AA00AF4A0D /* PlayerEntity.cpp in Sources */,
				2B2AE5DA214C90FD00AF4A0D /* GameBoard.cpp in Sources */,
				2B2AE619214CD14B00AF4A0D /* NetworkManager.cpp in Sources */,
				2B2AE5EB214C921900AF4A0D /* GameEngineMain.cpp in Sources */,
				E1B787A8214CCCB70085DF57 /* SplashScreen.cpp in Sources */,
				2B7C858A214D069900DF0C0D /* ProjectileEntity.cpp in Sources */,
				2B2AE5E4214C919F00AF4A0D /* ObstacleEntity.cpp in Sources */,
				E1B787A5214CB7CE0085DF57 /* Menu.cpp in Sources */,
				2B2AE60F214C93C800AF4A0D /* RenderComponent.cpp in Sources */,
				2B2AE61C214CD31D00AF4A0D /* NetworkedComponent.cpp in Sources */,
				2B33FC57214C8CF800CFF6A2 /* ResourcePath.mm in Sources */,
				2B2AE609214C93A700AF4A0D /* ParticleComponent.cpp in Sources */,
				2B7C858D214D142800DF0C0D /* Camera.cpp in Sources */,
				2B2AE5E1214C918A00AF4A0D /* PlayerMovementComponent.cpp in Sources */,
				2B7C8587214D069100DF0C0D /* ProjectileEmitterComponent.cpp in Sources */,
				2B2AE5F6214C92A900AF4A0D /* TextureManager.cpp in Sources */,
				2B7C8586214D069100DF0C0D /* ProjectileMovementComponent.cpp in Sources */,
			);
			runOnlyForDeploymentPostprocessing = 0;
		};
/* End PBXSourcesBuildPhase section */

/* Begin XCBuildConfiguration section */
		2B33FC64214C8CF800CFF6A2 /* Debug */ = {
			isa = XCBuildConfiguration;
			buildSettings = {
				ARCHS = "$(NATIVE_ARCH_ACTUAL)";
				CLANG_CXX_LANGUAGE_STANDARD = "c++11";
				CLANG_CXX_LIBRARY = "libc++";
				FRAMEWORK_SEARCH_PATHS = (
					/Library/Frameworks/,
					"$(inherited)",
				);
				GCC_VERSION = com.apple.compilers.llvm.clang.1_0;
				HEADER_SEARCH_PATHS = (
					/usr/local/include/,
					"$(inherited)",
				);
				LIBRARY_SEARCH_PATHS = (
					/usr/local/lib/,
					"$(inherited)",
				);
				MACOSX_DEPLOYMENT_TARGET = 10.7;
				OTHER_LDFLAGS = (
					"$(inherited)",
					"$(SFML_SYSTEM)",
					"$(SFML_WINDOW)",
					"$(SFML_GRAPHICS)",
					"$(SFML_AUDIO)",
					"$(SFML_NETWORK)",
				);
				SFML_AUDIO = "$(SFML_LINK_PREFIX) sfml-audio$(SFML_LINK_SUFFIX)";
				SFML_BINARY_TYPE = FRAMEWORKS;
				SFML_GRAPHICS = "$(SFML_LINK_PREFIX) sfml-graphics$(SFML_LINK_SUFFIX)";
				SFML_LINK_DYLIBS_PREFIX = "-l";
				SFML_LINK_DYLIBS_SUFFIX = "";
				SFML_LINK_FRAMEWORKS_PREFIX = "-framework";
				SFML_LINK_FRAMEWORKS_SUFFIX = "";
				SFML_LINK_PREFIX = "$(SFML_LINK_$(SFML_BINARY_TYPE)_PREFIX)";
				SFML_LINK_SUFFIX = "$(SFML_LINK_$(SFML_BINARY_TYPE)_SUFFIX)";
				SFML_NETWORK = "$(SFML_LINK_PREFIX) sfml-network$(SFML_LINK_SUFFIX)";
				SFML_SYSTEM = "$(SFML_LINK_PREFIX) sfml-system$(SFML_LINK_SUFFIX)";
				SFML_WINDOW = "$(SFML_LINK_PREFIX) sfml-window$(SFML_LINK_SUFFIX)";
				SUPPORTED_PLATFORMS = macosx;
			};
			name = Debug;
		};
		2B33FC65214C8CF800CFF6A2 /* Release */ = {
			isa = XCBuildConfiguration;
			buildSettings = {
				ARCHS = "$(NATIVE_ARCH_ACTUAL)";
				CLANG_CXX_LANGUAGE_STANDARD = "c++11";
				CLANG_CXX_LIBRARY = "libc++";
				FRAMEWORK_SEARCH_PATHS = (
					/Library/Frameworks/,
					"$(inherited)",
				);
				GCC_VERSION = com.apple.compilers.llvm.clang.1_0;
				HEADER_SEARCH_PATHS = (
					/usr/local/include/,
					"$(inherited)",
				);
				LIBRARY_SEARCH_PATHS = (
					/usr/local/lib/,
					"$(inherited)",
				);
				MACOSX_DEPLOYMENT_TARGET = 10.7;
				OTHER_LDFLAGS = (
					"$(inherited)",
					"$(SFML_SYSTEM)",
					"$(SFML_WINDOW)",
					"$(SFML_GRAPHICS)",
					"$(SFML_AUDIO)",
					"$(SFML_NETWORK)",
				);
				SFML_AUDIO = "$(SFML_LINK_PREFIX) sfml-audio$(SFML_LINK_SUFFIX)";
				SFML_BINARY_TYPE = FRAMEWORKS;
				SFML_GRAPHICS = "$(SFML_LINK_PREFIX) sfml-graphics$(SFML_LINK_SUFFIX)";
				SFML_LINK_DYLIBS_PREFIX = "-l";
				SFML_LINK_DYLIBS_SUFFIX = "";
				SFML_LINK_FRAMEWORKS_PREFIX = "-framework";
				SFML_LINK_FRAMEWORKS_SUFFIX = "";
				SFML_LINK_PREFIX = "$(SFML_LINK_$(SFML_BINARY_TYPE)_PREFIX)";
				SFML_LINK_SUFFIX = "$(SFML_LINK_$(SFML_BINARY_TYPE)_SUFFIX)";
				SFML_NETWORK = "$(SFML_LINK_PREFIX) sfml-network$(SFML_LINK_SUFFIX)";
				SFML_SYSTEM = "$(SFML_LINK_PREFIX) sfml-system$(SFML_LINK_SUFFIX)";
				SFML_WINDOW = "$(SFML_LINK_PREFIX) sfml-window$(SFML_LINK_SUFFIX)";
				SUPPORTED_PLATFORMS = macosx;
			};
			name = Release;
		};
		2B33FC67214C8CF800CFF6A2 /* Debug */ = {
			isa = XCBuildConfiguration;
			buildSettings = {
				CODE_SIGN_STYLE = Automatic;
				INFOPLIST_FILE = "Game Box Online/Game Box Online-Info.plist";
				LD_RUNPATH_SEARCH_PATHS = "@loader_path/../Frameworks";
				PRODUCT_NAME = "$(TARGET_NAME)";
				SCAN_ALL_SOURCE_FILES_FOR_INCLUDES = YES;
				USER_HEADER_SEARCH_PATHS = "./**";
			};
			name = Debug;
		};
		2B33FC68214C8CF800CFF6A2 /* Release */ = {
			isa = XCBuildConfiguration;
			buildSettings = {
				CODE_SIGN_STYLE = Automatic;
				INFOPLIST_FILE = "Game Box Online/Game Box Online-Info.plist";
				LD_RUNPATH_SEARCH_PATHS = "@loader_path/../Frameworks";
				PRODUCT_NAME = "$(TARGET_NAME)";
				SCAN_ALL_SOURCE_FILES_FOR_INCLUDES = YES;
				USER_HEADER_SEARCH_PATHS = "./**";
			};
			name = Release;
		};
/* End XCBuildConfiguration section */

/* Begin XCConfigurationList section */
		2B33FC4B214C8CF800CFF6A2 /* Build configuration list for PBXProject "Game Box Online" */ = {
			isa = XCConfigurationList;
			buildConfigurations = (
				2B33FC64214C8CF800CFF6A2 /* Debug */,
				2B33FC65214C8CF800CFF6A2 /* Release */,
			);
			defaultConfigurationIsVisible = 0;
			defaultConfigurationName = Release;
		};
		2B33FC66214C8CF800CFF6A2 /* Build configuration list for PBXNativeTarget "Game Box Online" */ = {
			isa = XCConfigurationList;
			buildConfigurations = (
				2B33FC67214C8CF800CFF6A2 /* Debug */,
				2B33FC68214C8CF800CFF6A2 /* Release */,
			);
			defaultConfigurationIsVisible = 0;
			defaultConfigurationName = Release;
		};
/* End XCConfigurationList section */
	};
	rootObject = 2B33FC48214C8CF800CFF6A2 /* Project object */;
}
