// !$*UTF8*$!
{
	archiveVersion = 1;
	classes = {
	};
	objectVersion = 50;
	objects = {

/* Begin PBXBuildFile section */
		2B2AE5DA214C90FD00AF4A0D /* GameBoard.cpp in Sources */ = {isa = PBXBuildFile; fileRef = 2B2AE5D8214C90FD00AF4A0D /* GameBoard.cpp */; };
		2B2AE5E1214C918A00AF4A0D /* PlayerMovementComponent.cpp in Sources */ = {isa = PBXBuildFile; fileRef = 2B2AE5DF214C918A00AF4A0D /* PlayerMovementComponent.cpp */; };
		2B2AE5E4214C919F00AF4A0D /* ObstacleEntity.cpp in Sources */ = {isa = PBXBuildFile; fileRef = 2B2AE5E2214C919F00AF4A0D /* ObstacleEntity.cpp */; };
		2B2AE5E7214C91AA00AF4A0D /* PlayerEntity.cpp in Sources */ = {isa = PBXBuildFile; fileRef = 2B2AE5E5214C91AA00AF4A0D /* PlayerEntity.cpp */; };
		2B2AE5EB214C921900AF4A0D /* GameEngineMain.cpp in Sources */ = {isa = PBXBuildFile; fileRef = 2B2AE5E9214C921900AF4A0D /* GameEngineMain.cpp */; };
		2B2AE5F0214C929100AF4A0D /* AnimationManager.cpp in Sources */ = {isa = PBXBuildFile; fileRef = 2B2AE5EE214C929100AF4A0D /* AnimationManager.cpp */; };
		2B2AE5F3214C929E00AF4A0D /* CollisionManager.cpp in Sources */ = {isa = PBXBuildFile; fileRef = 2B2AE5F1214C929E00AF4A0D /* CollisionManager.cpp */; };
		2B2AE5F6214C92A900AF4A0D /* TextureManager.cpp in Sources */ = {isa = PBXBuildFile; fileRef = 2B2AE5F4214C92A900AF4A0D /* TextureManager.cpp */; };
		2B2AE5FA214C930400AF4A0D /* Entity.cpp in Sources */ = {isa = PBXBuildFile; fileRef = 2B2AE5F8214C930400AF4A0D /* Entity.cpp */; };
		2B2AE5FD214C930F00AF4A0D /* Component.cpp in Sources */ = {isa = PBXBuildFile; fileRef = 2B2AE5FB214C930F00AF4A0D /* Component.cpp */; };
		2B2AE600214C932700AF4A0D /* AnimationComponent.cpp in Sources */ = {isa = PBXBuildFile; fileRef = 2B2AE5FE214C932700AF4A0D /* AnimationComponent.cpp */; };
		2B2AE603214C937900AF4A0D /* CollidableComponent.cpp in Sources */ = {isa = PBXBuildFile; fileRef = 2B2AE601214C937900AF4A0D /* CollidableComponent.cpp */; };
		2B2AE606214C938D00AF4A0D /* CollidablePhysicsComponent.cpp in Sources */ = {isa = PBXBuildFile; fileRef = 2B2AE604214C938D00AF4A0D /* CollidablePhysicsComponent.cpp */; };
		2B2AE609214C93A700AF4A0D /* ParticleComponent.cpp in Sources */ = {isa = PBXBuildFile; fileRef = 2B2AE607214C93A700AF4A0D /* ParticleComponent.cpp */; };
		2B2AE60C214C93BC00AF4A0D /* ParticleEmitterComponent.cpp in Sources */ = {isa = PBXBuildFile; fileRef = 2B2AE60A214C93BC00AF4A0D /* ParticleEmitterComponent.cpp */; };
		2B2AE60F214C93C800AF4A0D /* RenderComponent.cpp in Sources */ = {isa = PBXBuildFile; fileRef = 2B2AE60D214C93C800AF4A0D /* RenderComponent.cpp */; };
		2B2AE612214C93D600AF4A0D /* SpriteRenderComponent.cpp in Sources */ = {isa = PBXBuildFile; fileRef = 2B2AE610214C93D600AF4A0D /* SpriteRenderComponent.cpp */; };
		2B2AE619214CD14B00AF4A0D /* NetworkManager.cpp in Sources */ = {isa = PBXBuildFile; fileRef = 2B2AE617214CD14B00AF4A0D /* NetworkManager.cpp */; };
		2B2AE61C214CD31D00AF4A0D /* NetworkedComponent.cpp in Sources */ = {isa = PBXBuildFile; fileRef = 2B2AE61A214CD31D00AF4A0D /* NetworkedComponent.cpp */; };
		2B33FC57214C8CF800CFF6A2 /* ResourcePath.mm in Sources */ = {isa = PBXBuildFile; fileRef = 2B33FC56214C8CF800CFF6A2 /* ResourcePath.mm */; };
		2B33FC5A214C8CF800CFF6A2 /* main.cpp in Sources */ = {isa = PBXBuildFile; fileRef = 2B33FC59214C8CF800CFF6A2 /* main.cpp */; };
		2B33FC5D214C8CF800CFF6A2 /* cute_image.jpg in Resources */ = {isa = PBXBuildFile; fileRef = 2B33FC5C214C8CF800CFF6A2 /* cute_image.jpg */; };
		2B33FC5F214C8CF800CFF6A2 /* nice_music.ogg in Resources */ = {isa = PBXBuildFile; fileRef = 2B33FC5E214C8CF800CFF6A2 /* nice_music.ogg */; };
		2B33FC61214C8CF800CFF6A2 /* sansation.ttf in Resources */ = {isa = PBXBuildFile; fileRef = 2B33FC60214C8CF800CFF6A2 /* sansation.ttf */; };
		2B33FC63214C8CF800CFF6A2 /* icon.png in Resources */ = {isa = PBXBuildFile; fileRef = 2B33FC62214C8CF800CFF6A2 /* icon.png */; };
		2BB6D784214DE9BD00B6A267 /* particles.png in Resources */ = {isa = PBXBuildFile; fileRef = 2BB6D783214DE9BD00B6A267 /* particles.png */; };
		2BB6D7ED214E430800B6A267 /* main.cpp in Sources */ = {isa = PBXBuildFile; fileRef = 2BB6D7EC214E430800B6A267 /* main.cpp */; };
		2BB6D7F1214E435B00B6A267 /* Entity.cpp in Sources */ = {isa = PBXBuildFile; fileRef = 2B2AE5F8214C930400AF4A0D /* Entity.cpp */; };
		2BB6D7F2214E435B00B6A267 /* Component.cpp in Sources */ = {isa = PBXBuildFile; fileRef = 2B2AE5FB214C930F00AF4A0D /* Component.cpp */; };
		2BB6D7F3214E435B00B6A267 /* CameraManager.cpp in Sources */ = {isa = PBXBuildFile; fileRef = B524F413214D03A2006F4A2E /* CameraManager.cpp */; };
		2BB6D7F4214E435B00B6A267 /* SoundManager.cpp in Sources */ = {isa = PBXBuildFile; fileRef = B524F411214D03A1006F4A2E /* SoundManager.cpp */; };
		2BB6D7F5214E435B00B6A267 /* AnimationManager.cpp in Sources */ = {isa = PBXBuildFile; fileRef = 2B2AE5EE214C929100AF4A0D /* AnimationManager.cpp */; };
		2BB6D7F6214E435B00B6A267 /* CollisionManager.cpp in Sources */ = {isa = PBXBuildFile; fileRef = 2B2AE5F1214C929E00AF4A0D /* CollisionManager.cpp */; };
		2BB6D7F7214E435B00B6A267 /* TextureManager.cpp in Sources */ = {isa = PBXBuildFile; fileRef = 2B2AE5F4214C92A900AF4A0D /* TextureManager.cpp */; };
		2BB6D7F8214E435B00B6A267 /* NetworkManager.cpp in Sources */ = {isa = PBXBuildFile; fileRef = 2B2AE617214CD14B00AF4A0D /* NetworkManager.cpp */; };
		2BB6D7F9214E435B00B6A267 /* GameEngineMain.cpp in Sources */ = {isa = PBXBuildFile; fileRef = 2B2AE5E9214C921900AF4A0D /* GameEngineMain.cpp */; };
		2BB6D7FA214E435B00B6A267 /* Menu.cpp in Sources */ = {isa = PBXBuildFile; fileRef = E1B787A3214CB7CE0085DF57 /* Menu.cpp */; };
		2BB6D7FB214E435B00B6A267 /* SplashScreen.cpp in Sources */ = {isa = PBXBuildFile; fileRef = E1B787A6214CCCB70085DF57 /* SplashScreen.cpp */; };
		2BB6D7FC214E435B00B6A267 /* HealthStatusComponent.cpp in Sources */ = {isa = PBXBuildFile; fileRef = E1B787C5214DEC3A0085DF57 /* HealthStatusComponent.cpp */; };
		2BB6D7FD214E435B00B6A267 /* PlayerCameraComponent.cpp in Sources */ = {isa = PBXBuildFile; fileRef = B524F423214D08EC006F4A2E /* PlayerCameraComponent.cpp */; };
		2BB6D7FE214E435B00B6A267 /* PlayerSoundComponent.cpp in Sources */ = {isa = PBXBuildFile; fileRef = B524F41E214D05EF006F4A2E /* PlayerSoundComponent.cpp */; };
		2BB6D7FF214E435B00B6A267 /* ProjectileEmitterComponent.cpp in Sources */ = {isa = PBXBuildFile; fileRef = 2B7C8584214D069100DF0C0D /* ProjectileEmitterComponent.cpp */; };
		2BB6D800214E435B00B6A267 /* ProjectileMovementComponent.cpp in Sources */ = {isa = PBXBuildFile; fileRef = 2B7C8582214D069000DF0C0D /* ProjectileMovementComponent.cpp */; };
		2BB6D801214E435B00B6A267 /* PlayerMovementComponent.cpp in Sources */ = {isa = PBXBuildFile; fileRef = 2B2AE5DF214C918A00AF4A0D /* PlayerMovementComponent.cpp */; };
		2BB6D802214E435B00B6A267 /* ProjectileEntity.cpp in Sources */ = {isa = PBXBuildFile; fileRef = E1B787B2214D069B0085DF57 /* ProjectileEntity.cpp */; };
		2BB6D803214E435B00B6A267 /* ObstacleEntity.cpp in Sources */ = {isa = PBXBuildFile; fileRef = 2B2AE5E2214C919F00AF4A0D /* ObstacleEntity.cpp */; };
		2BB6D804214E435B00B6A267 /* PlayerEntity.cpp in Sources */ = {isa = PBXBuildFile; fileRef = 2B2AE5E5214C91AA00AF4A0D /* PlayerEntity.cpp */; };
		2BB6D805214E435B00B6A267 /* GameBoard.cpp in Sources */ = {isa = PBXBuildFile; fileRef = 2B2AE5D8214C90FD00AF4A0D /* GameBoard.cpp */; };
		2BB6D809214E447000B6A267 /* DumbProjectileComponent.cpp in Sources */ = {isa = PBXBuildFile; fileRef = CC062082214DEB8A004B1F12 /* DumbProjectileComponent.cpp */; };
		2BB6D80A214E447000B6A267 /* AnimationComponent.cpp in Sources */ = {isa = PBXBuildFile; fileRef = 2B2AE5FE214C932700AF4A0D /* AnimationComponent.cpp */; };
		2BB6D80B214E447000B6A267 /* SoundComponent.cpp in Sources */ = {isa = PBXBuildFile; fileRef = B524F420214D0618006F4A2E /* SoundComponent.cpp */; };
		2BB6D80C214E447000B6A267 /* CollidableComponent.cpp in Sources */ = {isa = PBXBuildFile; fileRef = 2B2AE601214C937900AF4A0D /* CollidableComponent.cpp */; };
		2BB6D80D214E447000B6A267 /* CollidablePhysicsComponent.cpp in Sources */ = {isa = PBXBuildFile; fileRef = 2B2AE604214C938D00AF4A0D /* CollidablePhysicsComponent.cpp */; };
		2BB6D80E214E447000B6A267 /* ParticleComponent.cpp in Sources */ = {isa = PBXBuildFile; fileRef = 2B2AE607214C93A700AF4A0D /* ParticleComponent.cpp */; };
		2BB6D80F214E447000B6A267 /* ParticleEmitterComponent.cpp in Sources */ = {isa = PBXBuildFile; fileRef = 2B2AE60A214C93BC00AF4A0D /* ParticleEmitterComponent.cpp */; };
		2BB6D810214E447000B6A267 /* RenderComponent.cpp in Sources */ = {isa = PBXBuildFile; fileRef = 2B2AE60D214C93C800AF4A0D /* RenderComponent.cpp */; };
		2BB6D811214E447000B6A267 /* SpriteRenderComponent.cpp in Sources */ = {isa = PBXBuildFile; fileRef = 2B2AE610214C93D600AF4A0D /* SpriteRenderComponent.cpp */; };
		2BB6D812214E447000B6A267 /* NetworkedComponent.cpp in Sources */ = {isa = PBXBuildFile; fileRef = 2B2AE61A214CD31D00AF4A0D /* NetworkedComponent.cpp */; };
		2BB6D813214E447000B6A267 /* DumbAIComponent.cpp in Sources */ = {isa = PBXBuildFile; fileRef = B5BADDFF214D9CFB00DA8DD6 /* DumbAIComponent.cpp */; };
		2BB6D814214E44AE00B6A267 /* ResourcePath.mm in Sources */ = {isa = PBXBuildFile; fileRef = 2B33FC56214C8CF800CFF6A2 /* ResourcePath.mm */; };
		2BB6D815214E4C4F00B6A267 /* NetworkDefs.cpp in Sources */ = {isa = PBXBuildFile; fileRef = B5696926214E45890084AC21 /* NetworkDefs.cpp */; };
		2BB6D816214E4C7800B6A267 /* GameOverScreen.cpp in Sources */ = {isa = PBXBuildFile; fileRef = E1B787C9214E1DAE0085DF57 /* GameOverScreen.cpp */; };
		B524F419214D03A2006F4A2E /* SoundManager.cpp in Sources */ = {isa = PBXBuildFile; fileRef = B524F411214D03A1006F4A2E /* SoundManager.cpp */; };
		B524F41A214D03A2006F4A2E /* CameraManager.cpp in Sources */ = {isa = PBXBuildFile; fileRef = B524F413214D03A2006F4A2E /* CameraManager.cpp */; };
		B524F41F214D05EF006F4A2E /* PlayerSoundComponent.cpp in Sources */ = {isa = PBXBuildFile; fileRef = B524F41E214D05EF006F4A2E /* PlayerSoundComponent.cpp */; };
		B524F422214D0619006F4A2E /* SoundComponent.cpp in Sources */ = {isa = PBXBuildFile; fileRef = B524F420214D0618006F4A2E /* SoundComponent.cpp */; };
		B524F425214D08EC006F4A2E /* PlayerCameraComponent.cpp in Sources */ = {isa = PBXBuildFile; fileRef = B524F423214D08EC006F4A2E /* PlayerCameraComponent.cpp */; };
		B524F434214D0B42006F4A2E /* thunder.wav in Resources */ = {isa = PBXBuildFile; fileRef = B524F42D214D0B42006F4A2E /* thunder.wav */; };
		B524F435214D0B42006F4A2E /* glassBreak.wav in Resources */ = {isa = PBXBuildFile; fileRef = B524F42E214D0B42006F4A2E /* glassBreak.wav */; };
		B5696927214E458A0084AC21 /* NetworkDefs.cpp in Sources */ = {isa = PBXBuildFile; fileRef = B5696926214E45890084AC21 /* NetworkDefs.cpp */; };
		B5696929214E45BA0084AC21 /* GameOverScreen.png in Resources */ = {isa = PBXBuildFile; fileRef = B5696928214E45BA0084AC21 /* GameOverScreen.png */; };
		B5BADDF9214D89D600DA8DD6 /* SplashScreen.png in Resources */ = {isa = PBXBuildFile; fileRef = B5BADDF3214D89D600DA8DD6 /* SplashScreen.png */; };
		B5BADDFB214D89D600DA8DD6 /* Flappy.png in Resources */ = {isa = PBXBuildFile; fileRef = B5BADDF5214D89D600DA8DD6 /* Flappy.png */; };
		B5BADDFC214D89D600DA8DD6 /* tileset.png in Resources */ = {isa = PBXBuildFile; fileRef = B5BADDF6214D89D600DA8DD6 /* tileset.png */; };
		B5BADDFD214D89D600DA8DD6 /* player.png in Resources */ = {isa = PBXBuildFile; fileRef = B5BADDF7214D89D600DA8DD6 /* player.png */; };
		B5BADDFE214D89D600DA8DD6 /* bg.png in Resources */ = {isa = PBXBuildFile; fileRef = B5BADDF8214D89D600DA8DD6 /* bg.png */; };
		B5BADE01214D9CFB00DA8DD6 /* DumbAIComponent.cpp in Sources */ = {isa = PBXBuildFile; fileRef = B5BADDFF214D9CFB00DA8DD6 /* DumbAIComponent.cpp */; };
		CC062084214DEB8A004B1F12 /* DumbProjectileComponent.cpp in Sources */ = {isa = PBXBuildFile; fileRef = CC062082214DEB8A004B1F12 /* DumbProjectileComponent.cpp */; };
		E1B787A5214CB7CE0085DF57 /* Menu.cpp in Sources */ = {isa = PBXBuildFile; fileRef = E1B787A3214CB7CE0085DF57 /* Menu.cpp */; };
		E1B787A8214CCCB70085DF57 /* SplashScreen.cpp in Sources */ = {isa = PBXBuildFile; fileRef = E1B787A6214CCCB70085DF57 /* SplashScreen.cpp */; };
		E1B787AF214D06880085DF57 /* ProjectileEmitterComponent.cpp in Sources */ = {isa = PBXBuildFile; fileRef = E1B787AB214D06870085DF57 /* ProjectileEmitterComponent.cpp */; };
		E1B787B0214D06880085DF57 /* ProjectileMovementComponent.cpp in Sources */ = {isa = PBXBuildFile; fileRef = E1B787AE214D06880085DF57 /* ProjectileMovementComponent.cpp */; };
		E1B787B3214D069B0085DF57 /* ProjectileEntity.cpp in Sources */ = {isa = PBXBuildFile; fileRef = E1B787B2214D069B0085DF57 /* ProjectileEntity.cpp */; };
		E1B787C6214DEC3A0085DF57 /* HealthStatusComponent.cpp in Sources */ = {isa = PBXBuildFile; fileRef = E1B787C5214DEC3A0085DF57 /* HealthStatusComponent.cpp */; };
		E1B787CB214E1DAE0085DF57 /* GameOverScreen.cpp in Sources */ = {isa = PBXBuildFile; fileRef = E1B787C9214E1DAE0085DF57 /* GameOverScreen.cpp */; };
		E1B787CD214E353F0085DF57 /* shuriken.png in Resources */ = {isa = PBXBuildFile; fileRef = E1B787CC214E353E0085DF57 /* shuriken.png */; };
		E1B787CF214E3F180085DF57 /* ninjathrowing.png in Resources */ = {isa = PBXBuildFile; fileRef = E1B787CE214E3F180085DF57 /* ninjathrowing.png */; };
/* End PBXBuildFile section */

/* Begin PBXCopyFilesBuildPhase section */
		2BB6D7E8214E430800B6A267 /* CopyFiles */ = {
			isa = PBXCopyFilesBuildPhase;
			buildActionMask = 2147483647;
			dstPath = /usr/share/man/man1/;
			dstSubfolderSpec = 0;
			files = (
			);
			runOnlyForDeploymentPostprocessing = 1;
		};
/* End PBXCopyFilesBuildPhase section */

/* Begin PBXFileReference section */
		2B2AE5D8214C90FD00AF4A0D /* GameBoard.cpp */ = {isa = PBXFileReference; lastKnownFileType = sourcecode.cpp.cpp; path = GameBoard.cpp; sourceTree = "<group>"; };
		2B2AE5D9214C90FD00AF4A0D /* GameBoard.hpp */ = {isa = PBXFileReference; lastKnownFileType = sourcecode.cpp.h; path = GameBoard.hpp; sourceTree = "<group>"; };
		2B2AE5DF214C918A00AF4A0D /* PlayerMovementComponent.cpp */ = {isa = PBXFileReference; lastKnownFileType = sourcecode.cpp.cpp; path = PlayerMovementComponent.cpp; sourceTree = "<group>"; };
		2B2AE5E0214C918A00AF4A0D /* PlayerMovementComponent.hpp */ = {isa = PBXFileReference; lastKnownFileType = sourcecode.cpp.h; path = PlayerMovementComponent.hpp; sourceTree = "<group>"; };
		2B2AE5E2214C919F00AF4A0D /* ObstacleEntity.cpp */ = {isa = PBXFileReference; lastKnownFileType = sourcecode.cpp.cpp; path = ObstacleEntity.cpp; sourceTree = "<group>"; };
		2B2AE5E3214C919F00AF4A0D /* ObstacleEntity.hpp */ = {isa = PBXFileReference; lastKnownFileType = sourcecode.cpp.h; path = ObstacleEntity.hpp; sourceTree = "<group>"; };
		2B2AE5E5214C91AA00AF4A0D /* PlayerEntity.cpp */ = {isa = PBXFileReference; lastKnownFileType = sourcecode.cpp.cpp; path = PlayerEntity.cpp; sourceTree = "<group>"; };
		2B2AE5E6214C91AA00AF4A0D /* PlayerEntity.hpp */ = {isa = PBXFileReference; lastKnownFileType = sourcecode.cpp.h; path = PlayerEntity.hpp; sourceTree = "<group>"; };
		2B2AE5E9214C921900AF4A0D /* GameEngineMain.cpp */ = {isa = PBXFileReference; lastKnownFileType = sourcecode.cpp.cpp; path = GameEngineMain.cpp; sourceTree = "<group>"; };
		2B2AE5EA214C921900AF4A0D /* GameEngineMain.hpp */ = {isa = PBXFileReference; lastKnownFileType = sourcecode.cpp.h; path = GameEngineMain.hpp; sourceTree = "<group>"; };
		2B2AE5EE214C929100AF4A0D /* AnimationManager.cpp */ = {isa = PBXFileReference; lastKnownFileType = sourcecode.cpp.cpp; path = AnimationManager.cpp; sourceTree = "<group>"; };
		2B2AE5EF214C929100AF4A0D /* AnimationManager.hpp */ = {isa = PBXFileReference; lastKnownFileType = sourcecode.cpp.h; path = AnimationManager.hpp; sourceTree = "<group>"; };
		2B2AE5F1214C929E00AF4A0D /* CollisionManager.cpp */ = {isa = PBXFileReference; lastKnownFileType = sourcecode.cpp.cpp; path = CollisionManager.cpp; sourceTree = "<group>"; };
		2B2AE5F2214C929E00AF4A0D /* CollisionManager.hpp */ = {isa = PBXFileReference; lastKnownFileType = sourcecode.cpp.h; path = CollisionManager.hpp; sourceTree = "<group>"; };
		2B2AE5F4214C92A900AF4A0D /* TextureManager.cpp */ = {isa = PBXFileReference; lastKnownFileType = sourcecode.cpp.cpp; path = TextureManager.cpp; sourceTree = "<group>"; };
		2B2AE5F5214C92A900AF4A0D /* TextureManager.hpp */ = {isa = PBXFileReference; lastKnownFileType = sourcecode.cpp.h; path = TextureManager.hpp; sourceTree = "<group>"; };
		2B2AE5F8214C930400AF4A0D /* Entity.cpp */ = {isa = PBXFileReference; lastKnownFileType = sourcecode.cpp.cpp; path = Entity.cpp; sourceTree = "<group>"; };
		2B2AE5F9214C930400AF4A0D /* Entity.hpp */ = {isa = PBXFileReference; lastKnownFileType = sourcecode.cpp.h; path = Entity.hpp; sourceTree = "<group>"; };
		2B2AE5FB214C930F00AF4A0D /* Component.cpp */ = {isa = PBXFileReference; lastKnownFileType = sourcecode.cpp.cpp; path = Component.cpp; sourceTree = "<group>"; };
		2B2AE5FC214C930F00AF4A0D /* Component.hpp */ = {isa = PBXFileReference; lastKnownFileType = sourcecode.cpp.h; path = Component.hpp; sourceTree = "<group>"; };
		2B2AE5FE214C932700AF4A0D /* AnimationComponent.cpp */ = {isa = PBXFileReference; lastKnownFileType = sourcecode.cpp.cpp; path = AnimationComponent.cpp; sourceTree = "<group>"; };
		2B2AE5FF214C932700AF4A0D /* AnimationComponent.hpp */ = {isa = PBXFileReference; lastKnownFileType = sourcecode.cpp.h; path = AnimationComponent.hpp; sourceTree = "<group>"; };
		2B2AE601214C937900AF4A0D /* CollidableComponent.cpp */ = {isa = PBXFileReference; lastKnownFileType = sourcecode.cpp.cpp; path = CollidableComponent.cpp; sourceTree = "<group>"; };
		2B2AE602214C937900AF4A0D /* CollidableComponent.hpp */ = {isa = PBXFileReference; lastKnownFileType = sourcecode.cpp.h; path = CollidableComponent.hpp; sourceTree = "<group>"; };
		2B2AE604214C938D00AF4A0D /* CollidablePhysicsComponent.cpp */ = {isa = PBXFileReference; lastKnownFileType = sourcecode.cpp.cpp; path = CollidablePhysicsComponent.cpp; sourceTree = "<group>"; };
		2B2AE605214C938D00AF4A0D /* CollidablePhysicsComponent.hpp */ = {isa = PBXFileReference; lastKnownFileType = sourcecode.cpp.h; path = CollidablePhysicsComponent.hpp; sourceTree = "<group>"; };
		2B2AE607214C93A700AF4A0D /* ParticleComponent.cpp */ = {isa = PBXFileReference; lastKnownFileType = sourcecode.cpp.cpp; path = ParticleComponent.cpp; sourceTree = "<group>"; };
		2B2AE608214C93A700AF4A0D /* ParticleComponent.hpp */ = {isa = PBXFileReference; lastKnownFileType = sourcecode.cpp.h; path = ParticleComponent.hpp; sourceTree = "<group>"; };
		2B2AE60A214C93BC00AF4A0D /* ParticleEmitterComponent.cpp */ = {isa = PBXFileReference; lastKnownFileType = sourcecode.cpp.cpp; path = ParticleEmitterComponent.cpp; sourceTree = "<group>"; };
		2B2AE60B214C93BC00AF4A0D /* ParticleEmitterComponent.hpp */ = {isa = PBXFileReference; lastKnownFileType = sourcecode.cpp.h; path = ParticleEmitterComponent.hpp; sourceTree = "<group>"; };
		2B2AE60D214C93C800AF4A0D /* RenderComponent.cpp */ = {isa = PBXFileReference; lastKnownFileType = sourcecode.cpp.cpp; path = RenderComponent.cpp; sourceTree = "<group>"; };
		2B2AE60E214C93C800AF4A0D /* RenderComponent.hpp */ = {isa = PBXFileReference; lastKnownFileType = sourcecode.cpp.h; path = RenderComponent.hpp; sourceTree = "<group>"; };
		2B2AE610214C93D600AF4A0D /* SpriteRenderComponent.cpp */ = {isa = PBXFileReference; lastKnownFileType = sourcecode.cpp.cpp; path = SpriteRenderComponent.cpp; sourceTree = "<group>"; };
		2B2AE611214C93D600AF4A0D /* SpriteRenderComponent.hpp */ = {isa = PBXFileReference; lastKnownFileType = sourcecode.cpp.h; path = SpriteRenderComponent.hpp; sourceTree = "<group>"; };
		2B2AE616214CC5EE00AF4A0D /* NetworkDefs.hpp */ = {isa = PBXFileReference; lastKnownFileType = sourcecode.cpp.h; path = NetworkDefs.hpp; sourceTree = "<group>"; };
		2B2AE617214CD14B00AF4A0D /* NetworkManager.cpp */ = {isa = PBXFileReference; lastKnownFileType = sourcecode.cpp.cpp; path = NetworkManager.cpp; sourceTree = "<group>"; };
		2B2AE618214CD14B00AF4A0D /* NetworkManager.hpp */ = {isa = PBXFileReference; lastKnownFileType = sourcecode.cpp.h; path = NetworkManager.hpp; sourceTree = "<group>"; };
		2B2AE61A214CD31D00AF4A0D /* NetworkedComponent.cpp */ = {isa = PBXFileReference; lastKnownFileType = sourcecode.cpp.cpp; path = NetworkedComponent.cpp; sourceTree = "<group>"; };
		2B2AE61B214CD31D00AF4A0D /* NetworkedComponent.hpp */ = {isa = PBXFileReference; lastKnownFileType = sourcecode.cpp.h; path = NetworkedComponent.hpp; sourceTree = "<group>"; };
		2B33FC51214C8CF800CFF6A2 /* Game Box Online.app */ = {isa = PBXFileReference; explicitFileType = wrapper.application; includeInIndex = 0; path = "Game Box Online.app"; sourceTree = BUILT_PRODUCTS_DIR; };
		2B33FC55214C8CF800CFF6A2 /* Game Box Online-Info.plist */ = {isa = PBXFileReference; lastKnownFileType = text.plist.xml; path = "Game Box Online-Info.plist"; sourceTree = "<group>"; };
		2B33FC56214C8CF800CFF6A2 /* ResourcePath.mm */ = {isa = PBXFileReference; lastKnownFileType = sourcecode.cpp.objcpp; path = ResourcePath.mm; sourceTree = "<group>"; };
		2B33FC58214C8CF800CFF6A2 /* ResourcePath.hpp */ = {isa = PBXFileReference; lastKnownFileType = sourcecode.cpp.h; path = ResourcePath.hpp; sourceTree = "<group>"; };
		2B33FC59214C8CF800CFF6A2 /* main.cpp */ = {isa = PBXFileReference; lastKnownFileType = sourcecode.cpp.cpp; path = main.cpp; sourceTree = "<group>"; };
		2B33FC5C214C8CF800CFF6A2 /* cute_image.jpg */ = {isa = PBXFileReference; lastKnownFileType = image.jpeg; path = cute_image.jpg; sourceTree = "<group>"; };
		2B33FC5E214C8CF800CFF6A2 /* nice_music.ogg */ = {isa = PBXFileReference; lastKnownFileType = file; path = nice_music.ogg; sourceTree = "<group>"; };
		2B33FC60214C8CF800CFF6A2 /* sansation.ttf */ = {isa = PBXFileReference; lastKnownFileType = file; path = sansation.ttf; sourceTree = "<group>"; };
		2B33FC62214C8CF800CFF6A2 /* icon.png */ = {isa = PBXFileReference; lastKnownFileType = image.png; path = icon.png; sourceTree = "<group>"; };
		2B7C8582214D069000DF0C0D /* ProjectileMovementComponent.cpp */ = {isa = PBXFileReference; fileEncoding = 4; lastKnownFileType = sourcecode.cpp.cpp; path = ProjectileMovementComponent.cpp; sourceTree = "<group>"; };
		2B7C8583214D069100DF0C0D /* ProjectileMovementComponent.hpp */ = {isa = PBXFileReference; fileEncoding = 4; lastKnownFileType = sourcecode.cpp.h; path = ProjectileMovementComponent.hpp; sourceTree = "<group>"; };
		2B7C8584214D069100DF0C0D /* ProjectileEmitterComponent.cpp */ = {isa = PBXFileReference; fileEncoding = 4; lastKnownFileType = sourcecode.cpp.cpp; path = ProjectileEmitterComponent.cpp; sourceTree = "<group>"; };
		2B7C8585214D069100DF0C0D /* ProjectileEmitterComponent.hpp */ = {isa = PBXFileReference; fileEncoding = 4; lastKnownFileType = sourcecode.cpp.h; path = ProjectileEmitterComponent.hpp; sourceTree = "<group>"; };
		2BA3C2EE214D056200D9441F /* Defs.h */ = {isa = PBXFileReference; lastKnownFileType = sourcecode.c.h; path = Defs.h; sourceTree = "<group>"; };
		2BB6D783214DE9BD00B6A267 /* particles.png */ = {isa = PBXFileReference; lastKnownFileType = image.png; name = particles.png; path = img/particles.png; sourceTree = "<group>"; };
		2BB6D7EA214E430800B6A267 /* Game Box Host */ = {isa = PBXFileReference; explicitFileType = "compiled.mach-o.executable"; includeInIndex = 0; path = "Game Box Host"; sourceTree = BUILT_PRODUCTS_DIR; };
		2BB6D7EC214E430800B6A267 /* main.cpp */ = {isa = PBXFileReference; lastKnownFileType = sourcecode.cpp.cpp; path = main.cpp; sourceTree = "<group>"; };
		B524F40E214D03A1006F4A2E /* CameraManager.hpp */ = {isa = PBXFileReference; fileEncoding = 4; lastKnownFileType = sourcecode.cpp.h; path = CameraManager.hpp; sourceTree = "<group>"; };
		B524F40F214D03A1006F4A2E /* SoundManager.hpp */ = {isa = PBXFileReference; fileEncoding = 4; lastKnownFileType = sourcecode.cpp.h; path = SoundManager.hpp; sourceTree = "<group>"; };
		B524F411214D03A1006F4A2E /* SoundManager.cpp */ = {isa = PBXFileReference; fileEncoding = 4; lastKnownFileType = sourcecode.cpp.cpp; path = SoundManager.cpp; sourceTree = "<group>"; };
		B524F413214D03A2006F4A2E /* CameraManager.cpp */ = {isa = PBXFileReference; fileEncoding = 4; lastKnownFileType = sourcecode.cpp.cpp; path = CameraManager.cpp; sourceTree = "<group>"; };
		B524F41D214D05EE006F4A2E /* PlayerSoundComponent.hpp */ = {isa = PBXFileReference; fileEncoding = 4; lastKnownFileType = sourcecode.cpp.h; path = PlayerSoundComponent.hpp; sourceTree = "<group>"; };
		B524F41E214D05EF006F4A2E /* PlayerSoundComponent.cpp */ = {isa = PBXFileReference; fileEncoding = 4; lastKnownFileType = sourcecode.cpp.cpp; path = PlayerSoundComponent.cpp; sourceTree = "<group>"; };
		B524F420214D0618006F4A2E /* SoundComponent.cpp */ = {isa = PBXFileReference; fileEncoding = 4; lastKnownFileType = sourcecode.cpp.cpp; path = SoundComponent.cpp; sourceTree = "<group>"; };
		B524F421214D0619006F4A2E /* SoundComponent.hpp */ = {isa = PBXFileReference; fileEncoding = 4; lastKnownFileType = sourcecode.cpp.h; path = SoundComponent.hpp; sourceTree = "<group>"; };
		B524F423214D08EC006F4A2E /* PlayerCameraComponent.cpp */ = {isa = PBXFileReference; fileEncoding = 4; lastKnownFileType = sourcecode.cpp.cpp; path = PlayerCameraComponent.cpp; sourceTree = "<group>"; };
		B524F424214D08EC006F4A2E /* PlayerCameraComponent.hpp */ = {isa = PBXFileReference; fileEncoding = 4; lastKnownFileType = sourcecode.cpp.h; path = PlayerCameraComponent.hpp; sourceTree = "<group>"; };
		B524F42D214D0B42006F4A2E /* thunder.wav */ = {isa = PBXFileReference; lastKnownFileType = audio.wav; path = thunder.wav; sourceTree = "<group>"; };
		B524F42E214D0B42006F4A2E /* glassBreak.wav */ = {isa = PBXFileReference; lastKnownFileType = audio.wav; path = glassBreak.wav; sourceTree = "<group>"; };
		B5696926214E45890084AC21 /* NetworkDefs.cpp */ = {isa = PBXFileReference; fileEncoding = 4; lastKnownFileType = sourcecode.cpp.cpp; path = NetworkDefs.cpp; sourceTree = "<group>"; };
		B5696928214E45BA0084AC21 /* GameOverScreen.png */ = {isa = PBXFileReference; lastKnownFileType = image.png; path = GameOverScreen.png; sourceTree = "<group>"; };
		B5BADDF3214D89D600DA8DD6 /* SplashScreen.png */ = {isa = PBXFileReference; lastKnownFileType = image.png; path = SplashScreen.png; sourceTree = "<group>"; };
		B5BADDF5214D89D600DA8DD6 /* Flappy.png */ = {isa = PBXFileReference; lastKnownFileType = image.png; path = Flappy.png; sourceTree = "<group>"; };
		B5BADDF6214D89D600DA8DD6 /* tileset.png */ = {isa = PBXFileReference; lastKnownFileType = image.png; path = tileset.png; sourceTree = "<group>"; };
		B5BADDF7214D89D600DA8DD6 /* player.png */ = {isa = PBXFileReference; lastKnownFileType = image.png; path = player.png; sourceTree = "<group>"; };
		B5BADDF8214D89D600DA8DD6 /* bg.png */ = {isa = PBXFileReference; lastKnownFileType = image.png; path = bg.png; sourceTree = "<group>"; };
		B5BADDFF214D9CFB00DA8DD6 /* DumbAIComponent.cpp */ = {isa = PBXFileReference; lastKnownFileType = sourcecode.cpp.cpp; path = DumbAIComponent.cpp; sourceTree = "<group>"; };
		B5BADE00214D9CFB00DA8DD6 /* DumbAIComponent.hpp */ = {isa = PBXFileReference; lastKnownFileType = sourcecode.cpp.h; path = DumbAIComponent.hpp; sourceTree = "<group>"; };
		CC062082214DEB8A004B1F12 /* DumbProjectileComponent.cpp */ = {isa = PBXFileReference; fileEncoding = 4; lastKnownFileType = sourcecode.cpp.cpp; path = DumbProjectileComponent.cpp; sourceTree = "<group>"; };
		CC062083214DEB8A004B1F12 /* DumbProjectileComponent.hpp */ = {isa = PBXFileReference; fileEncoding = 4; lastKnownFileType = sourcecode.cpp.h; path = DumbProjectileComponent.hpp; sourceTree = "<group>"; };
		E1B787A3214CB7CE0085DF57 /* Menu.cpp */ = {isa = PBXFileReference; lastKnownFileType = sourcecode.cpp.cpp; path = Menu.cpp; sourceTree = "<group>"; };
		E1B787A4214CB7CE0085DF57 /* Menu.hpp */ = {isa = PBXFileReference; lastKnownFileType = sourcecode.cpp.h; path = Menu.hpp; sourceTree = "<group>"; };
		E1B787A6214CCCB70085DF57 /* SplashScreen.cpp */ = {isa = PBXFileReference; lastKnownFileType = sourcecode.cpp.cpp; path = SplashScreen.cpp; sourceTree = "<group>"; };
		E1B787A7214CCCB70085DF57 /* SplashScreen.hpp */ = {isa = PBXFileReference; lastKnownFileType = sourcecode.cpp.h; path = SplashScreen.hpp; sourceTree = "<group>"; };
		E1B787AB214D06870085DF57 /* ProjectileEmitterComponent.cpp */ = {isa = PBXFileReference; fileEncoding = 4; lastKnownFileType = sourcecode.cpp.cpp; path = ProjectileEmitterComponent.cpp; sourceTree = "<group>"; };
		E1B787AC214D06870085DF57 /* ProjectileEmitterComponent.hpp */ = {isa = PBXFileReference; fileEncoding = 4; lastKnownFileType = sourcecode.cpp.h; path = ProjectileEmitterComponent.hpp; sourceTree = "<group>"; };
		E1B787AD214D06870085DF57 /* ProjectileMovementComponent.hpp */ = {isa = PBXFileReference; fileEncoding = 4; lastKnownFileType = sourcecode.cpp.h; path = ProjectileMovementComponent.hpp; sourceTree = "<group>"; };
		E1B787AE214D06880085DF57 /* ProjectileMovementComponent.cpp */ = {isa = PBXFileReference; fileEncoding = 4; lastKnownFileType = sourcecode.cpp.cpp; path = ProjectileMovementComponent.cpp; sourceTree = "<group>"; };
		E1B787B1214D069B0085DF57 /* ProjectileEntity.hpp */ = {isa = PBXFileReference; fileEncoding = 4; lastKnownFileType = sourcecode.cpp.h; path = ProjectileEntity.hpp; sourceTree = "<group>"; };
		E1B787B2214D069B0085DF57 /* ProjectileEntity.cpp */ = {isa = PBXFileReference; fileEncoding = 4; lastKnownFileType = sourcecode.cpp.cpp; path = ProjectileEntity.cpp; sourceTree = "<group>"; };
		E1B787B7214D8A610085DF57 /* bg.png */ = {isa = PBXFileReference; lastKnownFileType = image.png; name = bg.png; path = img/bg.png; sourceTree = "<group>"; };
		E1B787C4214DEC390085DF57 /* HealthStatusComponent.hpp */ = {isa = PBXFileReference; fileEncoding = 4; lastKnownFileType = sourcecode.cpp.h; path = HealthStatusComponent.hpp; sourceTree = "<group>"; };
		E1B787C5214DEC3A0085DF57 /* HealthStatusComponent.cpp */ = {isa = PBXFileReference; fileEncoding = 4; lastKnownFileType = sourcecode.cpp.cpp; path = HealthStatusComponent.cpp; sourceTree = "<group>"; };
		E1B787C9214E1DAE0085DF57 /* GameOverScreen.cpp */ = {isa = PBXFileReference; lastKnownFileType = sourcecode.cpp.cpp; path = GameOverScreen.cpp; sourceTree = "<group>"; };
		E1B787CA214E1DAE0085DF57 /* GameOverScreen.hpp */ = {isa = PBXFileReference; lastKnownFileType = sourcecode.cpp.h; path = GameOverScreen.hpp; sourceTree = "<group>"; };
		E1B787CC214E353E0085DF57 /* shuriken.png */ = {isa = PBXFileReference; lastKnownFileType = image.png; path = shuriken.png; sourceTree = "<group>"; };
		E1B787CE214E3F180085DF57 /* ninjathrowing.png */ = {isa = PBXFileReference; lastKnownFileType = image.png; path = ninjathrowing.png; sourceTree = "<group>"; };
/* End PBXFileReference section */

/* Begin PBXFrameworksBuildPhase section */
		2B33FC4D214C8CF800CFF6A2 /* Frameworks */ = {
			isa = PBXFrameworksBuildPhase;
			buildActionMask = 2147483647;
			files = (
			);
			runOnlyForDeploymentPostprocessing = 0;
		};
		2BB6D7E7214E430800B6A267 /* Frameworks */ = {
			isa = PBXFrameworksBuildPhase;
			buildActionMask = 2147483647;
			files = (
			);
			runOnlyForDeploymentPostprocessing = 0;
		};
/* End PBXFrameworksBuildPhase section */

/* Begin PBXGroup section */
		2B2AE5D7214C90E200AF4A0D /* Game */ = {
			isa = PBXGroup;
			children = (
				2B2AE5DE214C916200AF4A0D /* GameComponents */,
				2B2AE5DC214C912100AF4A0D /* GameEntities */,
				2B2AE5D8214C90FD00AF4A0D /* GameBoard.cpp */,
				2B2AE5D9214C90FD00AF4A0D /* GameBoard.hpp */,
			);
			path = Game;
			sourceTree = "<group>";
		};
		2B2AE5DC214C912100AF4A0D /* GameEntities */ = {
			isa = PBXGroup;
			children = (
				E1B787B2214D069B0085DF57 /* ProjectileEntity.cpp */,
				E1B787B1214D069B0085DF57 /* ProjectileEntity.hpp */,
				2B2AE5E2214C919F00AF4A0D /* ObstacleEntity.cpp */,
				2B2AE5E3214C919F00AF4A0D /* ObstacleEntity.hpp */,
				2B2AE5E5214C91AA00AF4A0D /* PlayerEntity.cpp */,
				2B2AE5E6214C91AA00AF4A0D /* PlayerEntity.hpp */,
			);
			path = GameEntities;
			sourceTree = "<group>";
		};
		2B2AE5DE214C916200AF4A0D /* GameComponents */ = {
			isa = PBXGroup;
			children = (
				E1B787C5214DEC3A0085DF57 /* HealthStatusComponent.cpp */,
				E1B787C4214DEC390085DF57 /* HealthStatusComponent.hpp */,
				B524F423214D08EC006F4A2E /* PlayerCameraComponent.cpp */,
				B524F424214D08EC006F4A2E /* PlayerCameraComponent.hpp */,
				B524F41E214D05EF006F4A2E /* PlayerSoundComponent.cpp */,
				B524F41D214D05EE006F4A2E /* PlayerSoundComponent.hpp */,
				2B7C8584214D069100DF0C0D /* ProjectileEmitterComponent.cpp */,
				2B7C8585214D069100DF0C0D /* ProjectileEmitterComponent.hpp */,
				2B7C8582214D069000DF0C0D /* ProjectileMovementComponent.cpp */,
				2B7C8583214D069100DF0C0D /* ProjectileMovementComponent.hpp */,
				E1B787AB214D06870085DF57 /* ProjectileEmitterComponent.cpp */,
				E1B787AC214D06870085DF57 /* ProjectileEmitterComponent.hpp */,
				E1B787AE214D06880085DF57 /* ProjectileMovementComponent.cpp */,
				E1B787AD214D06870085DF57 /* ProjectileMovementComponent.hpp */,
				2B2AE5DF214C918A00AF4A0D /* PlayerMovementComponent.cpp */,
				2B2AE5E0214C918A00AF4A0D /* PlayerMovementComponent.hpp */,
			);
			path = GameComponents;
			sourceTree = "<group>";
		};
		2B2AE5E8214C920000AF4A0D /* GameEngine */ = {
			isa = PBXGroup;
			children = (
				2B2AE5ED214C925600AF4A0D /* EntitySystem */,
				2B2AE5EC214C925100AF4A0D /* Util */,
				2B2AE5E9214C921900AF4A0D /* GameEngineMain.cpp */,
				2B2AE5EA214C921900AF4A0D /* GameEngineMain.hpp */,
				E1B787A3214CB7CE0085DF57 /* Menu.cpp */,
				E1B787A4214CB7CE0085DF57 /* Menu.hpp */,
				E1B787A6214CCCB70085DF57 /* SplashScreen.cpp */,
				E1B787A7214CCCB70085DF57 /* SplashScreen.hpp */,
				2BA3C2EE214D056200D9441F /* Defs.h */,
				E1B787C9214E1DAE0085DF57 /* GameOverScreen.cpp */,
				E1B787CA214E1DAE0085DF57 /* GameOverScreen.hpp */,
			);
			path = GameEngine;
			sourceTree = "<group>";
		};
		2B2AE5EC214C925100AF4A0D /* Util */ = {
			isa = PBXGroup;
			children = (
				B524F413214D03A2006F4A2E /* CameraManager.cpp */,
				B524F40E214D03A1006F4A2E /* CameraManager.hpp */,
				B524F411214D03A1006F4A2E /* SoundManager.cpp */,
				B524F40F214D03A1006F4A2E /* SoundManager.hpp */,
				2B2AE5EE214C929100AF4A0D /* AnimationManager.cpp */,
				2B2AE5EF214C929100AF4A0D /* AnimationManager.hpp */,
				2B2AE5F1214C929E00AF4A0D /* CollisionManager.cpp */,
				2B2AE5F2214C929E00AF4A0D /* CollisionManager.hpp */,
				2B2AE5F4214C92A900AF4A0D /* TextureManager.cpp */,
				2B2AE5F5214C92A900AF4A0D /* TextureManager.hpp */,
				2B2AE617214CD14B00AF4A0D /* NetworkManager.cpp */,
				2B2AE618214CD14B00AF4A0D /* NetworkManager.hpp */,
			);
			path = Util;
			sourceTree = "<group>";
		};
		2B2AE5ED214C925600AF4A0D /* EntitySystem */ = {
			isa = PBXGroup;
			children = (
				2B2AE5F7214C92F100AF4A0D /* Components */,
				2B2AE5F8214C930400AF4A0D /* Entity.cpp */,
				2B2AE5F9214C930400AF4A0D /* Entity.hpp */,
				2B2AE5FB214C930F00AF4A0D /* Component.cpp */,
				2B2AE5FC214C930F00AF4A0D /* Component.hpp */,
			);
			path = EntitySystem;
			sourceTree = "<group>";
		};
		2B2AE5F7214C92F100AF4A0D /* Components */ = {
			isa = PBXGroup;
			children = (
				CC062082214DEB8A004B1F12 /* DumbProjectileComponent.cpp */,
				CC062083214DEB8A004B1F12 /* DumbProjectileComponent.hpp */,
				2B2AE5FE214C932700AF4A0D /* AnimationComponent.cpp */,
				2B2AE5FF214C932700AF4A0D /* AnimationComponent.hpp */,
				B524F420214D0618006F4A2E /* SoundComponent.cpp */,
				B524F421214D0619006F4A2E /* SoundComponent.hpp */,
				2B2AE601214C937900AF4A0D /* CollidableComponent.cpp */,
				2B2AE602214C937900AF4A0D /* CollidableComponent.hpp */,
				2B2AE604214C938D00AF4A0D /* CollidablePhysicsComponent.cpp */,
				2B2AE605214C938D00AF4A0D /* CollidablePhysicsComponent.hpp */,
				2B2AE607214C93A700AF4A0D /* ParticleComponent.cpp */,
				2B2AE608214C93A700AF4A0D /* ParticleComponent.hpp */,
				2B2AE60A214C93BC00AF4A0D /* ParticleEmitterComponent.cpp */,
				2B2AE60B214C93BC00AF4A0D /* ParticleEmitterComponent.hpp */,
				2B2AE60D214C93C800AF4A0D /* RenderComponent.cpp */,
				2B2AE60E214C93C800AF4A0D /* RenderComponent.hpp */,
				2B2AE610214C93D600AF4A0D /* SpriteRenderComponent.cpp */,
				2B2AE611214C93D600AF4A0D /* SpriteRenderComponent.hpp */,
				2B2AE61A214CD31D00AF4A0D /* NetworkedComponent.cpp */,
				2B2AE61B214CD31D00AF4A0D /* NetworkedComponent.hpp */,
				B5BADDFF214D9CFB00DA8DD6 /* DumbAIComponent.cpp */,
				B5BADE00214D9CFB00DA8DD6 /* DumbAIComponent.hpp */,
			);
			path = Components;
			sourceTree = "<group>";
		};
		2B2AE613214CC3ED00AF4A0D /* Network */ = {
			isa = PBXGroup;
			children = (
				B5696926214E45890084AC21 /* NetworkDefs.cpp */,
				2B2AE616214CC5EE00AF4A0D /* NetworkDefs.hpp */,
			);
			path = Network;
			sourceTree = "<group>";
		};
		2B33FC47214C8CF800CFF6A2 = {
			isa = PBXGroup;
			children = (
				2B33FC53214C8CF800CFF6A2 /* Game Box Online */,
				2BB6D7EB214E430800B6A267 /* Game Box Host */,
				2B33FC52214C8CF800CFF6A2 /* Products */,
			);
			sourceTree = "<group>";
		};
		2B33FC52214C8CF800CFF6A2 /* Products */ = {
			isa = PBXGroup;
			children = (
				2B33FC51214C8CF800CFF6A2 /* Game Box Online.app */,
				2BB6D7EA214E430800B6A267 /* Game Box Host */,
			);
			name = Products;
			sourceTree = "<group>";
		};
		2B33FC53214C8CF800CFF6A2 /* Game Box Online */ = {
			isa = PBXGroup;
			children = (
				2B2AE613214CC3ED00AF4A0D /* Network */,
				2B2AE5E8214C920000AF4A0D /* GameEngine */,
				2B2AE5D7214C90E200AF4A0D /* Game */,
				2B33FC56214C8CF800CFF6A2 /* ResourcePath.mm */,
				2B33FC58214C8CF800CFF6A2 /* ResourcePath.hpp */,
				2B33FC59214C8CF800CFF6A2 /* main.cpp */,
				2B33FC5B214C8CF800CFF6A2 /* Resources */,
				2B33FC54214C8CF800CFF6A2 /* Supporting Files */,
			);
			path = "Game Box Online";
			sourceTree = "<group>";
		};
		2B33FC54214C8CF800CFF6A2 /* Supporting Files */ = {
			isa = PBXGroup;
			children = (
				2B33FC55214C8CF800CFF6A2 /* Game Box Online-Info.plist */,
			);
			name = "Supporting Files";
			sourceTree = "<group>";
		};
		2B33FC5B214C8CF800CFF6A2 /* Resources */ = {
			isa = PBXGroup;
			children = (
				2BB6D783214DE9BD00B6A267 /* particles.png */,
				E1B787B7214D8A610085DF57 /* bg.png */,
				2B33FC5C214C8CF800CFF6A2 /* cute_image.jpg */,
				2B33FC5E214C8CF800CFF6A2 /* nice_music.ogg */,
				2B33FC60214C8CF800CFF6A2 /* sansation.ttf */,
				B5BADDF2214D89D600DA8DD6 /* img */,
				B524F42C214D0B42006F4A2E /* snd */,
				2B33FC62214C8CF800CFF6A2 /* icon.png */,
			);
			name = Resources;
			sourceTree = "<group>";
		};
		2BB6D7EB214E430800B6A267 /* Game Box Host */ = {
			isa = PBXGroup;
			children = (
				2BB6D7EC214E430800B6A267 /* main.cpp */,
			);
			path = "Game Box Host";
			sourceTree = "<group>";
		};
		B524F42C214D0B42006F4A2E /* snd */ = {
			isa = PBXGroup;
			children = (
				B524F42D214D0B42006F4A2E /* thunder.wav */,
				B524F42E214D0B42006F4A2E /* glassBreak.wav */,
			);
			path = snd;
			sourceTree = "<group>";
		};
		B5BADDF2214D89D600DA8DD6 /* img */ = {
			isa = PBXGroup;
			children = (
				E1B787CE214E3F180085DF57 /* ninjathrowing.png */,
				E1B787CC214E353E0085DF57 /* shuriken.png */,
				B5BADDF3214D89D600DA8DD6 /* SplashScreen.png */,
				B5BADDF5214D89D600DA8DD6 /* Flappy.png */,
				B5696928214E45BA0084AC21 /* GameOverScreen.png */,
				B5BADDF6214D89D600DA8DD6 /* tileset.png */,
				B5BADDF7214D89D600DA8DD6 /* player.png */,
				B5BADDF8214D89D600DA8DD6 /* bg.png */,
			);
			path = img;
			sourceTree = "<group>";
		};
/* End PBXGroup section */

/* Begin PBXNativeTarget section */
		2B33FC50214C8CF800CFF6A2 /* Game Box Online */ = {
			isa = PBXNativeTarget;
			buildConfigurationList = 2B33FC66214C8CF800CFF6A2 /* Build configuration list for PBXNativeTarget "Game Box Online" */;
			buildPhases = (
				2B33FC4C214C8CF800CFF6A2 /* Sources */,
				2B33FC4D214C8CF800CFF6A2 /* Frameworks */,
				2B33FC4E214C8CF800CFF6A2 /* Resources */,
				2B33FC4F214C8CF800CFF6A2 /* ShellScript */,
			);
			buildRules = (
			);
			dependencies = (
			);
			name = "Game Box Online";
			productName = "Game Box Online";
			productReference = 2B33FC51214C8CF800CFF6A2 /* Game Box Online.app */;
			productType = "com.apple.product-type.application";
		};
		2BB6D7E9214E430800B6A267 /* Game Box Host */ = {
			isa = PBXNativeTarget;
			buildConfigurationList = 2BB6D7EE214E430800B6A267 /* Build configuration list for PBXNativeTarget "Game Box Host" */;
			buildPhases = (
				2BB6D7E6214E430800B6A267 /* Sources */,
				2BB6D7E7214E430800B6A267 /* Frameworks */,
				2BB6D7E8214E430800B6A267 /* CopyFiles */,
			);
			buildRules = (
			);
			dependencies = (
			);
			name = "Game Box Host";
			productName = "Game Box Host";
			productReference = 2BB6D7EA214E430800B6A267 /* Game Box Host */;
			productType = "com.apple.product-type.tool";
		};
/* End PBXNativeTarget section */

/* Begin PBXProject section */
		2B33FC48214C8CF800CFF6A2 /* Project object */ = {
			isa = PBXProject;
			attributes = {
				LastUpgradeCheck = 0940;
				ORGANIZATIONNAME = Gamebox;
				TargetAttributes = {
					2B33FC50214C8CF800CFF6A2 = {
						CreatedOnToolsVersion = 9.4.1;
					};
					2BB6D7E9214E430800B6A267 = {
						CreatedOnToolsVersion = 9.4.1;
					};
				};
			};
			buildConfigurationList = 2B33FC4B214C8CF800CFF6A2 /* Build configuration list for PBXProject "Game Box Online" */;
			compatibilityVersion = "Xcode 9.3";
			developmentRegion = en;
			hasScannedForEncodings = 0;
			knownRegions = (
				en,
			);
			mainGroup = 2B33FC47214C8CF800CFF6A2;
			productRefGroup = 2B33FC52214C8CF800CFF6A2 /* Products */;
			projectDirPath = "";
			projectRoot = "";
			targets = (
				2B33FC50214C8CF800CFF6A2 /* Game Box Online */,
				2BB6D7E9214E430800B6A267 /* Game Box Host */,
			);
		};
/* End PBXProject section */

/* Begin PBXResourcesBuildPhase section */
		2B33FC4E214C8CF800CFF6A2 /* Resources */ = {
			isa = PBXResourcesBuildPhase;
			buildActionMask = 2147483647;
			files = (
				B524F434214D0B42006F4A2E /* thunder.wav in Resources */,
				2BB6D784214DE9BD00B6A267 /* particles.png in Resources */,
				2B33FC63214C8CF800CFF6A2 /* icon.png in Resources */,
				B5BADDFE214D89D600DA8DD6 /* bg.png in Resources */,
				B524F434214D0B42006F4A2E /* thunder.wav in Resources */,
				B5BADDFC214D89D600DA8DD6 /* tileset.png in Resources */,
				B5BADDFD214D89D600DA8DD6 /* player.png in Resources */,
				2B33FC63214C8CF800CFF6A2 /* icon.png in Resources */,
				E1B787CD214E353F0085DF57 /* shuriken.png in Resources */,
				B524F435214D0B42006F4A2E /* glassBreak.wav in Resources */,
				2B33FC61214C8CF800CFF6A2 /* sansation.ttf in Resources */,
				E1B787CF214E3F180085DF57 /* ninjathrowing.png in Resources */,
				B5696929214E45BA0084AC21 /* GameOverScreen.png in Resources */,
				2B33FC5F214C8CF800CFF6A2 /* nice_music.ogg in Resources */,
				B5BADDFB214D89D600DA8DD6 /* Flappy.png in Resources */,
				B5BADDF9214D89D600DA8DD6 /* SplashScreen.png in Resources */,
				2B33FC5D214C8CF800CFF6A2 /* cute_image.jpg in Resources */,
			);
			runOnlyForDeploymentPostprocessing = 0;
		};
/* End PBXResourcesBuildPhase section */

/* Begin PBXShellScriptBuildPhase section */
		2B33FC4F214C8CF800CFF6A2 /* ShellScript */ = {
			isa = PBXShellScriptBuildPhase;
			buildActionMask = 2147483647;
			files = (
			);
			inputPaths = (
			);
			outputPaths = (
			);
			runOnlyForDeploymentPostprocessing = 0;
			shellPath = /bin/sh;
			shellScript = "# This shell script simply copies required SFML dylibs/frameworks into the application bundle frameworks folder.\n# If you're using static libraries (which is not recommended) you should remove this script from your project.\n\n# SETTINGS\nSFML_DEPENDENCIES_INSTALL_PREFIX=\"/Library/Frameworks\"\nCMAKE_INSTALL_FRAMEWORK_PREFIX=\"/Library/Frameworks\"\nCMAKE_INSTALL_LIB_PREFIX=\"/usr/local/lib\"\nFRAMEWORKS_FULL_PATH=\"$BUILT_PRODUCTS_DIR/$FRAMEWORKS_FOLDER_PATH/\"\n\n# Are we building a project that uses frameworks or dylibs?\ncase \"$SFML_BINARY_TYPE\" in\n    DYLIBS)\n        frameworks=\"false\"\n        ;;\n    *)\n        frameworks=\"true\"\n        ;;\nesac\n\n# Echoes to stderr\nerror () # $* message to display\n{\n    echo $* 1>&2\n    exit 2\n}\n\nassert () # $1 is a boolean, $2...N is an error message\n{\n    if [ $# -lt 2 ]\n    then\n        error \"Internal error in assert: not enough args\"\n    fi\n\n    if [ $1 -ne 0 ]\n    then\n        shift\n        error \"$*\"\n    fi\n}\n\nforce_remove () # $@ is some paths\n{\n    test $# -ge 1\n    assert $? \"force_remove() requires at least one parameter\"\n    rm -fr $@\n    assert $? \"couldn't remove $@\"\n}\n\ncopy () # $1 is a source, $2 is a destination\n{\n    test $# -eq 2\n    assert $? \"copy() requires two parameters\"\n    ditto \"$1\" \"$2\"\n    assert $? \"couldn't copy $1 to $2\"\n}\n\nrequire () # $1 is a SFML module like 'system' or 'audio'\n{\n    dest=\"$BUILT_PRODUCTS_DIR/$FRAMEWORKS_FOLDER_PATH/\"\n\n    if [ -z \"$1\" ]\n    then\n        error \"require() requires one parameter!\"\n    else\n        # clean potentially old stuff\n        force_remove \"$dest/libsfml-$1\"*\n        force_remove \"$dest/sfml-$1.framework\"\n\n        # copy SFML libraries\n        if [ \"$frameworks\" = \"true\" ]\n        then\n            source=\"$CMAKE_INSTALL_FRAMEWORK_PREFIX/sfml-$1.framework\"\n            target=\"sfml-$1.framework\"\n        elif [ \"$SFML_LINK_DYLIBS_SUFFIX\" = \"-d\" ]\n        then\n            source=\"$CMAKE_INSTALL_LIB_PREFIX/libsfml-$1-d.dylib\"\n            target=\"`readlink $source`\"\n        else\n            source=\"$CMAKE_INSTALL_LIB_PREFIX/libsfml-$1.dylib\"\n            target=\"`readlink $source`\"\n        fi\n\n        copy \"$source\" \"$dest/$target\"\n\n        # copy extra dependencies\n        if [ \"$1\" = \"audio\" ]\n        then\n            # copy \"FLAC\" \"ogg\" \"vorbis\" \"vorbisenc\" \"vorbisfile\" \"OpenAL\" frameworks too\n            for f in \"FLAC\" \"ogg\" \"vorbis\" \"vorbisenc\" \"vorbisfile\" \"OpenAL\"\n            do\n                copy \"$SFML_DEPENDENCIES_INSTALL_PREFIX/$f.framework\" \"$dest/$f.framework\"\n            done\n        elif [ \"$1\" = \"graphics\" ]\n        then\n            copy \"$SFML_DEPENDENCIES_INSTALL_PREFIX/freetype.framework\" \"$dest/freetype.framework\"\n        fi\n    fi\n}\n\nif [ -n \"$SFML_SYSTEM\" ]\nthen\n    require \"system\"\nfi\n\nif [ -n \"$SFML_AUDIO\" ]\nthen\n    require \"audio\"\nfi\n\nif [ -n \"$SFML_NETWORK\" ]\nthen\n    require \"network\"\nfi\n\nif [ -n \"$SFML_WINDOW\" ]\nthen\n    require \"window\"\nfi\n\nif [ -n \"$SFML_GRAPHICS\" ]\nthen\n    require \"graphics\"\nfi\n\n                ";
		};
/* End PBXShellScriptBuildPhase section */

/* Begin PBXSourcesBuildPhase section */
		2B33FC4C214C8CF800CFF6A2 /* Sources */ = {
			isa = PBXSourcesBuildPhase;
			buildActionMask = 2147483647;
			files = (
				B524F419214D03A2006F4A2E /* SoundManager.cpp in Sources */,
				2B2AE606214C938D00AF4A0D /* CollidablePhysicsComponent.cpp in Sources */,
				2B2AE603214C937900AF4A0D /* CollidableComponent.cpp in Sources */,
				2B2AE5F0214C929100AF4A0D /* AnimationManager.cpp in Sources */,
				2B2AE5FD214C930F00AF4A0D /* Component.cpp in Sources */,
				2B2AE5F3214C929E00AF4A0D /* CollisionManager.cpp in Sources */,
				E1B787AF214D06880085DF57 /* ProjectileEmitterComponent.cpp in Sources */,
				2B33FC5A214C8CF800CFF6A2 /* main.cpp in Sources */,
				B524F425214D08EC006F4A2E /* PlayerCameraComponent.cpp in Sources */,
				2B2AE600214C932700AF4A0D /* AnimationComponent.cpp in Sources */,
				2B2AE5FA214C930400AF4A0D /* Entity.cpp in Sources */,
				2B2AE60C214C93BC00AF4A0D /* ParticleEmitterComponent.cpp in Sources */,
				2B2AE612214C93D600AF4A0D /* SpriteRenderComponent.cpp in Sources */,
				2B2AE5E7214C91AA00AF4A0D /* PlayerEntity.cpp in Sources */,
				2B2AE5DA214C90FD00AF4A0D /* GameBoard.cpp in Sources */,
				B524F422214D0619006F4A2E /* SoundComponent.cpp in Sources */,
				2B2AE619214CD14B00AF4A0D /* NetworkManager.cpp in Sources */,
				CC062084214DEB8A004B1F12 /* DumbProjectileComponent.cpp in Sources */,
				2B2AE5EB214C921900AF4A0D /* GameEngineMain.cpp in Sources */,
				E1B787B3214D069B0085DF57 /* ProjectileEntity.cpp in Sources */,
				E1B787A8214CCCB70085DF57 /* SplashScreen.cpp in Sources */,
				2B2AE5E4214C919F00AF4A0D /* ObstacleEntity.cpp in Sources */,
				E1B787A5214CB7CE0085DF57 /* Menu.cpp in Sources */,
				E1B787CB214E1DAE0085DF57 /* GameOverScreen.cpp in Sources */,
				E1B787B0214D06880085DF57 /* ProjectileMovementComponent.cpp in Sources */,
				2B2AE60F214C93C800AF4A0D /* RenderComponent.cpp in Sources */,
				B524F41F214D05EF006F4A2E /* PlayerSoundComponent.cpp in Sources */,
				B524F41A214D03A2006F4A2E /* CameraManager.cpp in Sources */,
				B5696927214E458A0084AC21 /* NetworkDefs.cpp in Sources */,
				2B2AE61C214CD31D00AF4A0D /* NetworkedComponent.cpp in Sources */,
				E1B787C6214DEC3A0085DF57 /* HealthStatusComponent.cpp in Sources */,
				2B33FC57214C8CF800CFF6A2 /* ResourcePath.mm in Sources */,
				2B2AE609214C93A700AF4A0D /* ParticleComponent.cpp in Sources */,
				B5BADE01214D9CFB00DA8DD6 /* DumbAIComponent.cpp in Sources */,
				2B2AE5E1214C918A00AF4A0D /* PlayerMovementComponent.cpp in Sources */,
				2B2AE5F6214C92A900AF4A0D /* TextureManager.cpp in Sources */,
			);
			runOnlyForDeploymentPostprocessing = 0;
		};
		2BB6D7E6214E430800B6A267 /* Sources */ = {
			isa = PBXSourcesBuildPhase;
			buildActionMask = 2147483647;
			files = (
				2BB6D7FE214E435B00B6A267 /* PlayerSoundComponent.cpp in Sources */,
				2BB6D7F5214E435B00B6A267 /* AnimationManager.cpp in Sources */,
				2BB6D7F8214E435B00B6A267 /* NetworkManager.cpp in Sources */,
				2BB6D7F9214E435B00B6A267 /* GameEngineMain.cpp in Sources */,
				2BB6D7FC214E435B00B6A267 /* HealthStatusComponent.cpp in Sources */,
				2BB6D7F1214E435B00B6A267 /* Entity.cpp in Sources */,
				2BB6D815214E4C4F00B6A267 /* NetworkDefs.cpp in Sources */,
				2BB6D7FB214E435B00B6A267 /* SplashScreen.cpp in Sources */,
				2BB6D80F214E447000B6A267 /* ParticleEmitterComponent.cpp in Sources */,
				2BB6D809214E447000B6A267 /* DumbProjectileComponent.cpp in Sources */,
				2BB6D7F2214E435B00B6A267 /* Component.cpp in Sources */,
				2BB6D80E214E447000B6A267 /* ParticleComponent.cpp in Sources */,
				2BB6D7FA214E435B00B6A267 /* Menu.cpp in Sources */,
				2BB6D813214E447000B6A267 /* DumbAIComponent.cpp in Sources */,
				2BB6D80B214E447000B6A267 /* SoundComponent.cpp in Sources */,
				2BB6D801214E435B00B6A267 /* PlayerMovementComponent.cpp in Sources */,
				2BB6D7F3214E435B00B6A267 /* CameraManager.cpp in Sources */,
				2BB6D816214E4C7800B6A267 /* GameOverScreen.cpp in Sources */,
				2BB6D80C214E447000B6A267 /* CollidableComponent.cpp in Sources */,
				2BB6D812214E447000B6A267 /* NetworkedComponent.cpp in Sources */,
				2BB6D814214E44AE00B6A267 /* ResourcePath.mm in Sources */,
				2BB6D810214E447000B6A267 /* RenderComponent.cpp in Sources */,
				2BB6D800214E435B00B6A267 /* ProjectileMovementComponent.cpp in Sources */,
				2BB6D80D214E447000B6A267 /* CollidablePhysicsComponent.cpp in Sources */,
				2BB6D811214E447000B6A267 /* SpriteRenderComponent.cpp in Sources */,
				2BB6D7FD214E435B00B6A267 /* PlayerCameraComponent.cpp in Sources */,
				2BB6D7ED214E430800B6A267 /* main.cpp in Sources */,
				2BB6D802214E435B00B6A267 /* ProjectileEntity.cpp in Sources */,
				2BB6D7F6214E435B00B6A267 /* CollisionManager.cpp in Sources */,
				2BB6D804214E435B00B6A267 /* PlayerEntity.cpp in Sources */,
				2BB6D7FF214E435B00B6A267 /* ProjectileEmitterComponent.cpp in Sources */,
				2BB6D805214E435B00B6A267 /* GameBoard.cpp in Sources */,
				2BB6D803214E435B00B6A267 /* ObstacleEntity.cpp in Sources */,
				2BB6D7F4214E435B00B6A267 /* SoundManager.cpp in Sources */,
				2BB6D80A214E447000B6A267 /* AnimationComponent.cpp in Sources */,
				2BB6D7F7214E435B00B6A267 /* TextureManager.cpp in Sources */,
			);
			runOnlyForDeploymentPostprocessing = 0;
		};
/* End PBXSourcesBuildPhase section */

/* Begin XCBuildConfiguration section */
		2B33FC64214C8CF800CFF6A2 /* Debug */ = {
			isa = XCBuildConfiguration;
			buildSettings = {
				ARCHS = "$(NATIVE_ARCH_ACTUAL)";
				CLANG_CXX_LANGUAGE_STANDARD = "c++11";
				CLANG_CXX_LIBRARY = "libc++";
				DEBUG_INFORMATION_FORMAT = "dwarf-with-dsym";
				FRAMEWORK_SEARCH_PATHS = "$(inherited)";
				GCC_OPTIMIZATION_LEVEL = 0;
				GCC_VERSION = com.apple.compilers.llvm.clang.1_0;
				HEADER_SEARCH_PATHS = (
					/usr/local/include/,
					"$(inherited)",
				);
				INFOPLIST_PREPROCESS = YES;
				KEEP_PRIVATE_EXTERNS = YES;
				LD_GENERATE_MAP_FILE = YES;
				LIBRARY_SEARCH_PATHS = /usr/local/lib;
				LINKER_DISPLAYS_MANGLED_NAMES = YES;
				MACOSX_DEPLOYMENT_TARGET = 10.7;
				OTHER_LDFLAGS = (
					"$(inherited)",
					"-lsfml-system",
					"-lsfml-window",
					"-lsfml-graphics",
					"-lsfml-audio",
					"-lsfml-network",
				);
				SFML_AUDIO = "$(SFML_LINK_PREFIX) sfml-audio$(SFML_LINK_SUFFIX)";
				SFML_BINARY_TYPE = FRAMEWORKS;
				SFML_GRAPHICS = "$(SFML_LINK_PREFIX) sfml-graphics$(SFML_LINK_SUFFIX)";
				SFML_LINK_DYLIBS_PREFIX = "-l";
				SFML_LINK_DYLIBS_SUFFIX = "";
				SFML_LINK_FRAMEWORKS_PREFIX = "-framework";
				SFML_LINK_FRAMEWORKS_SUFFIX = "";
				SFML_LINK_PREFIX = "$(SFML_LINK_$(SFML_BINARY_TYPE)_PREFIX)";
				SFML_LINK_SUFFIX = "$(SFML_LINK_$(SFML_BINARY_TYPE)_SUFFIX)";
				SFML_NETWORK = "$(SFML_LINK_PREFIX) sfml-network$(SFML_LINK_SUFFIX)";
				SFML_SYSTEM = "$(SFML_LINK_PREFIX) sfml-system$(SFML_LINK_SUFFIX)";
				SFML_WINDOW = "$(SFML_LINK_PREFIX) sfml-window$(SFML_LINK_SUFFIX)";
				SUPPORTED_PLATFORMS = macosx;
				USER_HEADER_SEARCH_PATHS = "$(SRCROOT)/**";
			};
			name = Debug;
		};
		2B33FC65214C8CF800CFF6A2 /* Release */ = {
			isa = XCBuildConfiguration;
			buildSettings = {
				ARCHS = "$(NATIVE_ARCH_ACTUAL)";
				CLANG_CXX_LANGUAGE_STANDARD = "c++11";
				CLANG_CXX_LIBRARY = "libc++";
				DEBUG_INFORMATION_FORMAT = "dwarf-with-dsym";
				FRAMEWORK_SEARCH_PATHS = "$(inherited)";
				GCC_OPTIMIZATION_LEVEL = 0;
				GCC_VERSION = com.apple.compilers.llvm.clang.1_0;
				HEADER_SEARCH_PATHS = (
					/usr/local/include/,
					"$(inherited)",
				);
				INFOPLIST_PREPROCESS = YES;
				KEEP_PRIVATE_EXTERNS = YES;
				LD_GENERATE_MAP_FILE = YES;
				LIBRARY_SEARCH_PATHS = /usr/local/lib;
				LINKER_DISPLAYS_MANGLED_NAMES = YES;
				MACOSX_DEPLOYMENT_TARGET = 10.7;
				OTHER_LDFLAGS = (
					"$(inherited)",
					"-lsfml-system",
					"-lsfml-window",
					"-lsfml-graphics",
					"-lsfml-audio",
					"-lsfml-network",
				);
				SFML_AUDIO = "$(SFML_LINK_PREFIX) sfml-audio$(SFML_LINK_SUFFIX)";
				SFML_BINARY_TYPE = FRAMEWORKS;
				SFML_GRAPHICS = "$(SFML_LINK_PREFIX) sfml-graphics$(SFML_LINK_SUFFIX)";
				SFML_LINK_DYLIBS_PREFIX = "-l";
				SFML_LINK_DYLIBS_SUFFIX = "";
				SFML_LINK_FRAMEWORKS_PREFIX = "-framework";
				SFML_LINK_FRAMEWORKS_SUFFIX = "";
				SFML_LINK_PREFIX = "$(SFML_LINK_$(SFML_BINARY_TYPE)_PREFIX)";
				SFML_LINK_SUFFIX = "$(SFML_LINK_$(SFML_BINARY_TYPE)_SUFFIX)";
				SFML_NETWORK = "$(SFML_LINK_PREFIX) sfml-network$(SFML_LINK_SUFFIX)";
				SFML_SYSTEM = "$(SFML_LINK_PREFIX) sfml-system$(SFML_LINK_SUFFIX)";
				SFML_WINDOW = "$(SFML_LINK_PREFIX) sfml-window$(SFML_LINK_SUFFIX)";
				SUPPORTED_PLATFORMS = macosx;
				USER_HEADER_SEARCH_PATHS = "$(SRCROOT)/**";
			};
			name = Release;
		};
		2B33FC67214C8CF800CFF6A2 /* Debug */ = {
			isa = XCBuildConfiguration;
			buildSettings = {
				ALWAYS_SEARCH_USER_PATHS = NO;
				CLANG_CXX_LANGUAGE_STANDARD = "c++14";
				CODE_SIGN_STYLE = Automatic;
				FRAMEWORK_SEARCH_PATHS = "$(inherited)";
				HEADER_SEARCH_PATHS = /usr/local/include/;
				INFOPLIST_FILE = "Game Box Online/Game Box Online-Info.plist";
				LD_RUNPATH_SEARCH_PATHS = "@loader_path/../Frameworks";
				LIBRARY_SEARCH_PATHS = "$(inherited)";
				PRODUCT_NAME = "$(TARGET_NAME)";
				SCAN_ALL_SOURCE_FILES_FOR_INCLUDES = YES;
				USER_HEADER_SEARCH_PATHS = "$(SRCROOT)/**";
			};
			name = Debug;
		};
		2B33FC68214C8CF800CFF6A2 /* Release */ = {
			isa = XCBuildConfiguration;
			buildSettings = {
				ALWAYS_SEARCH_USER_PATHS = NO;
				CLANG_CXX_LANGUAGE_STANDARD = "c++14";
				CODE_SIGN_STYLE = Automatic;
				FRAMEWORK_SEARCH_PATHS = "$(inherited)";
				HEADER_SEARCH_PATHS = /usr/local/include/;
				INFOPLIST_FILE = "Game Box Online/Game Box Online-Info.plist";
				LD_RUNPATH_SEARCH_PATHS = "@loader_path/../Frameworks";
				LIBRARY_SEARCH_PATHS = "$(inherited)";
				PRODUCT_NAME = "$(TARGET_NAME)";
				SCAN_ALL_SOURCE_FILES_FOR_INCLUDES = YES;
				USER_HEADER_SEARCH_PATHS = "$(SRCROOT)/**";
			};
			name = Release;
		};
		2BB6D7EF214E430800B6A267 /* Debug */ = {
			isa = XCBuildConfiguration;
			buildSettings = {
				ALWAYS_SEARCH_USER_PATHS = NO;
				CLANG_ANALYZER_NONNULL = YES;
				CLANG_ANALYZER_NUMBER_OBJECT_CONVERSION = YES_AGGRESSIVE;
				CLANG_CXX_LANGUAGE_STANDARD = "gnu++14";
				CLANG_ENABLE_MODULES = YES;
				CLANG_ENABLE_OBJC_ARC = NO;
				CLANG_ENABLE_OBJC_WEAK = YES;
				CLANG_WARN_BLOCK_CAPTURE_AUTORELEASING = YES;
				CLANG_WARN_BOOL_CONVERSION = YES;
				CLANG_WARN_COMMA = YES;
				CLANG_WARN_CONSTANT_CONVERSION = YES;
				CLANG_WARN_DEPRECATED_OBJC_IMPLEMENTATIONS = YES;
				CLANG_WARN_DIRECT_OBJC_ISA_USAGE = YES_ERROR;
				CLANG_WARN_DOCUMENTATION_COMMENTS = YES;
				CLANG_WARN_EMPTY_BODY = YES;
				CLANG_WARN_ENUM_CONVERSION = YES;
				CLANG_WARN_INFINITE_RECURSION = YES;
				CLANG_WARN_INT_CONVERSION = YES;
				CLANG_WARN_NON_LITERAL_NULL_CONVERSION = YES;
				CLANG_WARN_OBJC_IMPLICIT_RETAIN_SELF = YES;
				CLANG_WARN_OBJC_LITERAL_CONVERSION = YES;
				CLANG_WARN_OBJC_ROOT_CLASS = YES_ERROR;
				CLANG_WARN_RANGE_LOOP_ANALYSIS = YES;
				CLANG_WARN_STRICT_PROTOTYPES = YES;
				CLANG_WARN_SUSPICIOUS_MOVE = YES;
				CLANG_WARN_UNGUARDED_AVAILABILITY = YES_AGGRESSIVE;
				CLANG_WARN_UNREACHABLE_CODE = YES;
				CLANG_WARN__DUPLICATE_METHOD_MATCH = YES;
				CODE_SIGN_IDENTITY = "-";
				CODE_SIGN_STYLE = Automatic;
				COPY_PHASE_STRIP = NO;
				DEBUG_INFORMATION_FORMAT = dwarf;
				ENABLE_STRICT_OBJC_MSGSEND = YES;
				ENABLE_TESTABILITY = YES;
				GCC_C_LANGUAGE_STANDARD = gnu11;
				GCC_DYNAMIC_NO_PIC = NO;
				GCC_NO_COMMON_BLOCKS = YES;
				GCC_PREPROCESSOR_DEFINITIONS = (
					"DEBUG=1",
					"$(inherited)",
				);
				GCC_WARN_64_TO_32_BIT_CONVERSION = YES;
				GCC_WARN_ABOUT_RETURN_TYPE = YES_ERROR;
				GCC_WARN_UNDECLARED_SELECTOR = YES;
				GCC_WARN_UNINITIALIZED_AUTOS = YES_AGGRESSIVE;
				GCC_WARN_UNUSED_FUNCTION = YES;
				GCC_WARN_UNUSED_VARIABLE = YES;
				MACOSX_DEPLOYMENT_TARGET = 10.13;
				MTL_ENABLE_DEBUG_INFO = YES;
				ONLY_ACTIVE_ARCH = YES;
				PRODUCT_NAME = "$(TARGET_NAME)";
				SDKROOT = macosx;
			};
			name = Debug;
		};
		2BB6D7F0214E430800B6A267 /* Release */ = {
			isa = XCBuildConfiguration;
			buildSettings = {
				ALWAYS_SEARCH_USER_PATHS = NO;
				CLANG_ANALYZER_NONNULL = YES;
				CLANG_ANALYZER_NUMBER_OBJECT_CONVERSION = YES_AGGRESSIVE;
				CLANG_CXX_LANGUAGE_STANDARD = "gnu++14";
				CLANG_ENABLE_MODULES = YES;
				CLANG_ENABLE_OBJC_ARC = NO;
				CLANG_ENABLE_OBJC_WEAK = YES;
				CLANG_WARN_BLOCK_CAPTURE_AUTORELEASING = YES;
				CLANG_WARN_BOOL_CONVERSION = YES;
				CLANG_WARN_COMMA = YES;
				CLANG_WARN_CONSTANT_CONVERSION = YES;
				CLANG_WARN_DEPRECATED_OBJC_IMPLEMENTATIONS = YES;
				CLANG_WARN_DIRECT_OBJC_ISA_USAGE = YES_ERROR;
				CLANG_WARN_DOCUMENTATION_COMMENTS = YES;
				CLANG_WARN_EMPTY_BODY = YES;
				CLANG_WARN_ENUM_CONVERSION = YES;
				CLANG_WARN_INFINITE_RECURSION = YES;
				CLANG_WARN_INT_CONVERSION = YES;
				CLANG_WARN_NON_LITERAL_NULL_CONVERSION = YES;
				CLANG_WARN_OBJC_IMPLICIT_RETAIN_SELF = YES;
				CLANG_WARN_OBJC_LITERAL_CONVERSION = YES;
				CLANG_WARN_OBJC_ROOT_CLASS = YES_ERROR;
				CLANG_WARN_RANGE_LOOP_ANALYSIS = YES;
				CLANG_WARN_STRICT_PROTOTYPES = YES;
				CLANG_WARN_SUSPICIOUS_MOVE = YES;
				CLANG_WARN_UNGUARDED_AVAILABILITY = YES_AGGRESSIVE;
				CLANG_WARN_UNREACHABLE_CODE = YES;
				CLANG_WARN__DUPLICATE_METHOD_MATCH = YES;
				CODE_SIGN_IDENTITY = "-";
				CODE_SIGN_STYLE = Automatic;
				COPY_PHASE_STRIP = NO;
				ENABLE_NS_ASSERTIONS = NO;
				ENABLE_STRICT_OBJC_MSGSEND = YES;
				GCC_C_LANGUAGE_STANDARD = gnu11;
				GCC_NO_COMMON_BLOCKS = YES;
				GCC_WARN_64_TO_32_BIT_CONVERSION = YES;
				GCC_WARN_ABOUT_RETURN_TYPE = YES_ERROR;
				GCC_WARN_UNDECLARED_SELECTOR = YES;
				GCC_WARN_UNINITIALIZED_AUTOS = YES_AGGRESSIVE;
				GCC_WARN_UNUSED_FUNCTION = YES;
				GCC_WARN_UNUSED_VARIABLE = YES;
				MACOSX_DEPLOYMENT_TARGET = 10.13;
				MTL_ENABLE_DEBUG_INFO = NO;
				PRODUCT_NAME = "$(TARGET_NAME)";
				SDKROOT = macosx;
			};
			name = Release;
		};
/* End XCBuildConfiguration section */

/* Begin XCConfigurationList section */
		2B33FC4B214C8CF800CFF6A2 /* Build configuration list for PBXProject "Game Box Online" */ = {
			isa = XCConfigurationList;
			buildConfigurations = (
				2B33FC64214C8CF800CFF6A2 /* Debug */,
				2B33FC65214C8CF800CFF6A2 /* Release */,
			);
			defaultConfigurationIsVisible = 0;
			defaultConfigurationName = Release;
		};
		2B33FC66214C8CF800CFF6A2 /* Build configuration list for PBXNativeTarget "Game Box Online" */ = {
			isa = XCConfigurationList;
			buildConfigurations = (
				2B33FC67214C8CF800CFF6A2 /* Debug */,
				2B33FC68214C8CF800CFF6A2 /* Release */,
			);
			defaultConfigurationIsVisible = 0;
			defaultConfigurationName = Release;
		};
		2BB6D7EE214E430800B6A267 /* Build configuration list for PBXNativeTarget "Game Box Host" */ = {
			isa = XCConfigurationList;
			buildConfigurations = (
				2BB6D7EF214E430800B6A267 /* Debug */,
				2BB6D7F0214E430800B6A267 /* Release */,
			);
			defaultConfigurationIsVisible = 0;
			defaultConfigurationName = Release;
		};
/* End XCConfigurationList section */
	};
	rootObject = 2B33FC48214C8CF800CFF6A2 /* Project object */;
}
